
Microsoft Visual Studio Solution File, Format Version 12.00
# Visual Studio Version 16
VisualStudioVersion = 16.0.29926.136
MinimumVisualStudioVersion = 10.0.40219.1
Project("{FAE04EC0-301F-11D3-BF4B-00C04F79EFBC}") = "ThreeDeeRotationDemo.UWP", "ThreeDeeRotationDemo\ThreeDeeRotationDemo.UWP\ThreeDeeRotationDemo.UWP.csproj", "{866B4FC4-E1B8-4255-89A8-59EE19D09C2E}"
EndProject
Project("{FAE04EC0-301F-11D3-BF4B-00C04F79EFBC}") = "ThreeDeeRotationDemo.Android", "ThreeDeeRotationDemo\ThreeDeeRotationDemo.Android\ThreeDeeRotationDemo.Android.csproj", "{03737923-7EEA-4EEE-A83F-06E2A24CF75B}"
EndProject
Project("{FAE04EC0-301F-11D3-BF4B-00C04F79EFBC}") = "ThreeDeeRotationDemo.iOS", "ThreeDeeRotationDemo\ThreeDeeRotationDemo.iOS\ThreeDeeRotationDemo.iOS.csproj", "{E4D77EBE-FABA-4855-8EA1-F171C7616322}"
EndProject
Project("{FAE04EC0-301F-11D3-BF4B-00C04F79EFBC}") = "ThreeDeeRotationDemo", "ThreeDeeRotationDemo\ThreeDeeRotationDemo\ThreeDeeRotationDemo.csproj", "{2153F29E-FF0D-4CCE-BB5D-444793AB9A2E}"
EndProject
Global
	GlobalSection(SolutionConfigurationPlatforms) = preSolution
		Debug|Any CPU = Debug|Any CPU
		Debug|ARM = Debug|ARM
		Debug|iPhone = Debug|iPhone
		Debug|iPhoneSimulator = Debug|iPhoneSimulator
		Debug|x64 = Debug|x64
		Debug|x86 = Debug|x86
		Release|Any CPU = Release|Any CPU
		Release|ARM = Release|ARM
		Release|iPhone = Release|iPhone
		Release|iPhoneSimulator = Release|iPhoneSimulator
		Release|x64 = Release|x64
		Release|x86 = Release|x86
	EndGlobalSection
	GlobalSection(ProjectConfigurationPlatforms) = postSolution
		{866B4FC4-E1B8-4255-89A8-59EE19D09C2E}.Debug|Any CPU.ActiveCfg = Debug|x86
		{866B4FC4-E1B8-4255-89A8-59EE19D09C2E}.Debug|Any CPU.Build.0 = Debug|x86
		{866B4FC4-E1B8-4255-89A8-59EE19D09C2E}.Debug|Any CPU.Deploy.0 = Debug|x86
		{866B4FC4-E1B8-4255-89A8-59EE19D09C2E}.Debug|ARM.ActiveCfg = Debug|ARM
		{866B4FC4-E1B8-4255-89A8-59EE19D09C2E}.Debug|ARM.Build.0 = Debug|ARM
		{866B4FC4-E1B8-4255-89A8-59EE19D09C2E}.Debug|ARM.Deploy.0 = Debug|ARM
		{866B4FC4-E1B8-4255-89A8-59EE19D09C2E}.Debug|iPhone.ActiveCfg = Debug|x86
		{866B4FC4-E1B8-4255-89A8-59EE19D09C2E}.Debug|iPhone.Build.0 = Debug|x86
		{866B4FC4-E1B8-4255-89A8-59EE19D09C2E}.Debug|iPhone.Deploy.0 = Debug|x86
		{866B4FC4-E1B8-4255-89A8-59EE19D09C2E}.Debug|iPhoneSimulator.ActiveCfg = Debug|x86
		{866B4FC4-E1B8-4255-89A8-59EE19D09C2E}.Debug|iPhoneSimulator.Build.0 = Debug|x86
		{866B4FC4-E1B8-4255-89A8-59EE19D09C2E}.Debug|iPhoneSimulator.Deploy.0 = Debug|x86
		{866B4FC4-E1B8-4255-89A8-59EE19D09C2E}.Debug|x64.ActiveCfg = Debug|x64
		{866B4FC4-E1B8-4255-89A8-59EE19D09C2E}.Debug|x64.Build.0 = Debug|x64
		{866B4FC4-E1B8-4255-89A8-59EE19D09C2E}.Debug|x64.Deploy.0 = Debug|x64
		{866B4FC4-E1B8-4255-89A8-59EE19D09C2E}.Debug|x86.ActiveCfg = Debug|x86
		{866B4FC4-E1B8-4255-89A8-59EE19D09C2E}.Debug|x86.Build.0 = Debug|x86
		{866B4FC4-E1B8-4255-89A8-59EE19D09C2E}.Debug|x86.Deploy.0 = Debug|x86
		{866B4FC4-E1B8-4255-89A8-59EE19D09C2E}.Release|Any CPU.ActiveCfg = Release|x86
		{866B4FC4-E1B8-4255-89A8-59EE19D09C2E}.Release|Any CPU.Build.0 = Release|x86
		{866B4FC4-E1B8-4255-89A8-59EE19D09C2E}.Release|Any CPU.Deploy.0 = Release|x86
		{866B4FC4-E1B8-4255-89A8-59EE19D09C2E}.Release|ARM.ActiveCfg = Release|ARM
		{866B4FC4-E1B8-4255-89A8-59EE19D09C2E}.Release|ARM.Build.0 = Release|ARM
		{866B4FC4-E1B8-4255-89A8-59EE19D09C2E}.Release|ARM.Deploy.0 = Release|ARM
		{866B4FC4-E1B8-4255-89A8-59EE19D09C2E}.Release|iPhone.ActiveCfg = Release|x86
		{866B4FC4-E1B8-4255-89A8-59EE19D09C2E}.Release|iPhone.Build.0 = Release|x86
		{866B4FC4-E1B8-4255-89A8-59EE19D09C2E}.Release|iPhone.Deploy.0 = Release|x86
		{866B4FC4-E1B8-4255-89A8-59EE19D09C2E}.Release|iPhoneSimulator.ActiveCfg = Release|x86
		{866B4FC4-E1B8-4255-89A8-59EE19D09C2E}.Release|iPhoneSimulator.Build.0 = Release|x86
		{866B4FC4-E1B8-4255-89A8-59EE19D09C2E}.Release|iPhoneSimulator.Deploy.0 = Release|x86
		{866B4FC4-E1B8-4255-89A8-59EE19D09C2E}.Release|x64.ActiveCfg = Release|x64
		{866B4FC4-E1B8-4255-89A8-59EE19D09C2E}.Release|x64.Build.0 = Release|x64
		{866B4FC4-E1B8-4255-89A8-59EE19D09C2E}.Release|x64.Deploy.0 = Release|x64
		{866B4FC4-E1B8-4255-89A8-59EE19D09C2E}.Release|x86.ActiveCfg = Release|x86
		{866B4FC4-E1B8-4255-89A8-59EE19D09C2E}.Release|x86.Build.0 = Release|x86
		{866B4FC4-E1B8-4255-89A8-59EE19D09C2E}.Release|x86.Deploy.0 = Release|x86
		{03737923-7EEA-4EEE-A83F-06E2A24CF75B}.Debug|Any CPU.ActiveCfg = Debug|Any CPU
		{03737923-7EEA-4EEE-A83F-06E2A24CF75B}.Debug|Any CPU.Build.0 = Debug|Any CPU
		{03737923-7EEA-4EEE-A83F-06E2A24CF75B}.Debug|Any CPU.Deploy.0 = Debug|Any CPU
		{03737923-7EEA-4EEE-A83F-06E2A24CF75B}.Debug|ARM.ActiveCfg = Debug|Any CPU
		{03737923-7EEA-4EEE-A83F-06E2A24CF75B}.Debug|ARM.Build.0 = Debug|Any CPU
		{03737923-7EEA-4EEE-A83F-06E2A24CF75B}.Debug|ARM.Deploy.0 = Debug|Any CPU
		{03737923-7EEA-4EEE-A83F-06E2A24CF75B}.Debug|iPhone.ActiveCfg = Debug|Any CPU
		{03737923-7EEA-4EEE-A83F-06E2A24CF75B}.Debug|iPhone.Build.0 = Debug|Any CPU
		{03737923-7EEA-4EEE-A83F-06E2A24CF75B}.Debug|iPhone.Deploy.0 = Debug|Any CPU
		{03737923-7EEA-4EEE-A83F-06E2A24CF75B}.Debug|iPhoneSimulator.ActiveCfg = Debug|Any CPU
		{03737923-7EEA-4EEE-A83F-06E2A24CF75B}.Debug|iPhoneSimulator.Build.0 = Debug|Any CPU
		{03737923-7EEA-4EEE-A83F-06E2A24CF75B}.Debug|iPhoneSimulator.Deploy.0 = Debug|Any CPU
		{03737923-7EEA-4EEE-A83F-06E2A24CF75B}.Debug|x64.ActiveCfg = Debug|Any CPU
		{03737923-7EEA-4EEE-A83F-06E2A24CF75B}.Debug|x64.Build.0 = Debug|Any CPU
		{03737923-7EEA-4EEE-A83F-06E2A24CF75B}.Debug|x64.Deploy.0 = Debug|Any CPU
		{03737923-7EEA-4EEE-A83F-06E2A24CF75B}.Debug|x86.ActiveCfg = Debug|Any CPU
		{03737923-7EEA-4EEE-A83F-06E2A24CF75B}.Debug|x86.Build.0 = Debug|Any CPU
		{03737923-7EEA-4EEE-A83F-06E2A24CF75B}.Debug|x86.Deploy.0 = Debug|Any CPU
		{03737923-7EEA-4EEE-A83F-06E2A24CF75B}.Release|Any CPU.ActiveCfg = Release|Any CPU
		{03737923-7EEA-4EEE-A83F-06E2A24CF75B}.Release|Any CPU.Build.0 = Release|Any CPU
		{03737923-7EEA-4EEE-A83F-06E2A24CF75B}.Release|Any CPU.Deploy.0 = Release|Any CPU
		{03737923-7EEA-4EEE-A83F-06E2A24CF75B}.Release|ARM.ActiveCfg = Release|Any CPU
		{03737923-7EEA-4EEE-A83F-06E2A24CF75B}.Release|ARM.Build.0 = Release|Any CPU
		{03737923-7EEA-4EEE-A83F-06E2A24CF75B}.Release|ARM.Deploy.0 = Release|Any CPU
		{03737923-7EEA-4EEE-A83F-06E2A24CF75B}.Release|iPhone.ActiveCfg = Release|Any CPU
		{03737923-7EEA-4EEE-A83F-06E2A24CF75B}.Release|iPhone.Build.0 = Release|Any CPU
		{03737923-7EEA-4EEE-A83F-06E2A24CF75B}.Release|iPhone.Deploy.0 = Release|Any CPU
		{03737923-7EEA-4EEE-A83F-06E2A24CF75B}.Release|iPhoneSimulator.ActiveCfg = Release|Any CPU
		{03737923-7EEA-4EEE-A83F-06E2A24CF75B}.Release|iPhoneSimulator.Build.0 = Release|Any CPU
		{03737923-7EEA-4EEE-A83F-06E2A24CF75B}.Release|iPhoneSimulator.Deploy.0 = Release|Any CPU
		{03737923-7EEA-4EEE-A83F-06E2A24CF75B}.Release|x64.ActiveCfg = Release|Any CPU
		{03737923-7EEA-4EEE-A83F-06E2A24CF75B}.Release|x64.Build.0 = Release|Any CPU
		{03737923-7EEA-4EEE-A83F-06E2A24CF75B}.Release|x64.Deploy.0 = Release|Any CPU
		{03737923-7EEA-4EEE-A83F-06E2A24CF75B}.Release|x86.ActiveCfg = Release|Any CPU
		{03737923-7EEA-4EEE-A83F-06E2A24CF75B}.Release|x86.Build.0 = Release|Any CPU
		{03737923-7EEA-4EEE-A83F-06E2A24CF75B}.Release|x86.Deploy.0 = Release|Any CPU
		{E4D77EBE-FABA-4855-8EA1-F171C7616322}.Debug|Any CPU.ActiveCfg = Debug|iPhone
		{E4D77EBE-FABA-4855-8EA1-F171C7616322}.Debug|Any CPU.Build.0 = Debug|iPhone
		{E4D77EBE-FABA-4855-8EA1-F171C7616322}.Debug|Any CPU.Deploy.0 = Debug|iPhone
		{E4D77EBE-FABA-4855-8EA1-F171C7616322}.Debug|ARM.ActiveCfg = Debug|iPhone
		{E4D77EBE-FABA-4855-8EA1-F171C7616322}.Debug|ARM.Build.0 = Debug|iPhone
		{E4D77EBE-FABA-4855-8EA1-F171C7616322}.Debug|ARM.Deploy.0 = Debug|iPhone
		{E4D77EBE-FABA-4855-8EA1-F171C7616322}.Debug|iPhone.ActiveCfg = Debug|iPhone
		{E4D77EBE-FABA-4855-8EA1-F171C7616322}.Debug|iPhone.Build.0 = Debug|iPhone
		{E4D77EBE-FABA-4855-8EA1-F171C7616322}.Debug|iPhone.Deploy.0 = Debug|iPhone
		{E4D77EBE-FABA-4855-8EA1-F171C7616322}.Debug|iPhoneSimulator.ActiveCfg = Debug|iPhoneSimulator
		{E4D77EBE-FABA-4855-8EA1-F171C7616322}.Debug|iPhoneSimulator.Build.0 = Debug|iPhoneSimulator
		{E4D77EBE-FABA-4855-8EA1-F171C7616322}.Debug|iPhoneSimulator.Deploy.0 = Debug|iPhoneSimulator
		{E4D77EBE-FABA-4855-8EA1-F171C7616322}.Debug|x64.ActiveCfg = Debug|iPhone
		{E4D77EBE-FABA-4855-8EA1-F171C7616322}.Debug|x64.Build.0 = Debug|iPhone
		{E4D77EBE-FABA-4855-8EA1-F171C7616322}.Debug|x64.Deploy.0 = Debug|iPhone
		{E4D77EBE-FABA-4855-8EA1-F171C7616322}.Debug|x86.ActiveCfg = Debug|iPhone
		{E4D77EBE-FABA-4855-8EA1-F171C7616322}.Debug|x86.Build.0 = Debug|iPhone
		{E4D77EBE-FABA-4855-8EA1-F171C7616322}.Debug|x86.Deploy.0 = Debug|iPhone
		{E4D77EBE-FABA-4855-8EA1-F171C7616322}.Release|Any CPU.ActiveCfg = Release|iPhone
		{E4D77EBE-FABA-4855-8EA1-F171C7616322}.Release|Any CPU.Build.0 = Release|iPhone
		{E4D77EBE-FABA-4855-8EA1-F171C7616322}.Release|Any CPU.Deploy.0 = Release|iPhone
		{E4D77EBE-FABA-4855-8EA1-F171C7616322}.Release|ARM.ActiveCfg = Release|iPhone
		{E4D77EBE-FABA-4855-8EA1-F171C7616322}.Release|ARM.Build.0 = Release|iPhone
		{E4D77EBE-FABA-4855-8EA1-F171C7616322}.Release|ARM.Deploy.0 = Release|iPhone
		{E4D77EBE-FABA-4855-8EA1-F171C7616322}.Release|iPhone.ActiveCfg = Release|iPhone
		{E4D77EBE-FABA-4855-8EA1-F171C7616322}.Release|iPhone.Build.0 = Release|iPhone
		{E4D77EBE-FABA-4855-8EA1-F171C7616322}.Release|iPhone.Deploy.0 = Release|iPhone
		{E4D77EBE-FABA-4855-8EA1-F171C7616322}.Release|iPhoneSimulator.ActiveCfg = Release|iPhoneSimulator
		{E4D77EBE-FABA-4855-8EA1-F171C7616322}.Release|iPhoneSimulator.Build.0 = Release|iPhoneSimulator
		{E4D77EBE-FABA-4855-8EA1-F171C7616322}.Release|iPhoneSimulator.Deploy.0 = Release|iPhoneSimulator
		{E4D77EBE-FABA-4855-8EA1-F171C7616322}.Release|x64.ActiveCfg = Release|iPhone
		{E4D77EBE-FABA-4855-8EA1-F171C7616322}.Release|x64.Build.0 = Release|iPhone
		{E4D77EBE-FABA-4855-8EA1-F171C7616322}.Release|x64.Deploy.0 = Release|iPhone
		{E4D77EBE-FABA-4855-8EA1-F171C7616322}.Release|x86.ActiveCfg = Release|iPhone
		{E4D77EBE-FABA-4855-8EA1-F171C7616322}.Release|x86.Build.0 = Release|iPhone
		{E4D77EBE-FABA-4855-8EA1-F171C7616322}.Release|x86.Deploy.0 = Release|iPhone
		{2153F29E-FF0D-4CCE-BB5D-444793AB9A2E}.Debug|Any CPU.ActiveCfg = Debug|Any CPU
		{2153F29E-FF0D-4CCE-BB5D-444793AB9A2E}.Debug|Any CPU.Build.0 = Debug|Any CPU
		{2153F29E-FF0D-4CCE-BB5D-444793AB9A2E}.Debug|Any CPU.Deploy.0 = Debug|Any CPU
		{2153F29E-FF0D-4CCE-BB5D-444793AB9A2E}.Debug|ARM.ActiveCfg = Debug|Any CPU
		{2153F29E-FF0D-4CCE-BB5D-444793AB9A2E}.Debug|ARM.Build.0 = Debug|Any CPU
		{2153F29E-FF0D-4CCE-BB5D-444793AB9A2E}.Debug|ARM.Deploy.0 = Debug|Any CPU
		{2153F29E-FF0D-4CCE-BB5D-444793AB9A2E}.Debug|iPhone.ActiveCfg = Debug|Any CPU
		{2153F29E-FF0D-4CCE-BB5D-444793AB9A2E}.Debug|iPhone.Build.0 = Debug|Any CPU
		{2153F29E-FF0D-4CCE-BB5D-444793AB9A2E}.Debug|iPhone.Deploy.0 = Debug|Any CPU
		{2153F29E-FF0D-4CCE-BB5D-444793AB9A2E}.Debug|iPhoneSimulator.ActiveCfg = Debug|Any CPU
		{2153F29E-FF0D-4CCE-BB5D-444793AB9A2E}.Debug|iPhoneSimulator.Build.0 = Debug|Any CPU
		{2153F29E-FF0D-4CCE-BB5D-444793AB9A2E}.Debug|iPhoneSimulator.Deploy.0 = Debug|Any CPU
		{2153F29E-FF0D-4CCE-BB5D-444793AB9A2E}.Debug|x64.ActiveCfg = Debug|Any CPU
		{2153F29E-FF0D-4CCE-BB5D-444793AB9A2E}.Debug|x64.Build.0 = Debug|Any CPU
		{2153F29E-FF0D-4CCE-BB5D-444793AB9A2E}.Debug|x64.Deploy.0 = Debug|Any CPU
		{2153F29E-FF0D-4CCE-BB5D-444793AB9A2E}.Debug|x86.ActiveCfg = Debug|Any CPU
		{2153F29E-FF0D-4CCE-BB5D-444793AB9A2E}.Debug|x86.Build.0 = Debug|Any CPU
		{2153F29E-FF0D-4CCE-BB5D-444793AB9A2E}.Debug|x86.Deploy.0 = Debug|Any CPU
		{2153F29E-FF0D-4CCE-BB5D-444793AB9A2E}.Release|Any CPU.ActiveCfg = Release|Any CPU
		{2153F29E-FF0D-4CCE-BB5D-444793AB9A2E}.Release|Any CPU.Build.0 = Release|Any CPU
		{2153F29E-FF0D-4CCE-BB5D-444793AB9A2E}.Release|Any CPU.Deploy.0 = Release|Any CPU
		{2153F29E-FF0D-4CCE-BB5D-444793AB9A2E}.Release|ARM.ActiveCfg = Release|Any CPU
		{2153F29E-FF0D-4CCE-BB5D-444793AB9A2E}.Release|ARM.Build.0 = Release|Any CPU
		{2153F29E-FF0D-4CCE-BB5D-444793AB9A2E}.Release|ARM.Deploy.0 = Release|Any CPU
		{2153F29E-FF0D-4CCE-BB5D-444793AB9A2E}.Release|iPhone.ActiveCfg = Release|Any CPU
		{2153F29E-FF0D-4CCE-BB5D-444793AB9A2E}.Release|iPhone.Build.0 = Release|Any CPU
		{2153F29E-FF0D-4CCE-BB5D-444793AB9A2E}.Release|iPhone.Deploy.0 = Release|Any CPU
		{2153F29E-FF0D-4CCE-BB5D-444793AB9A2E}.Release|iPhoneSimulator.ActiveCfg = Release|Any CPU
		{2153F29E-FF0D-4CCE-BB5D-444793AB9A2E}.Release|iPhoneSimulator.Build.0 = Release|Any CPU
		{2153F29E-FF0D-4CCE-BB5D-444793AB9A2E}.Release|iPhoneSimulator.Deploy.0 = Release|Any CPU
		{2153F29E-FF0D-4CCE-BB5D-444793AB9A2E}.Release|x64.ActiveCfg = Release|Any CPU
		{2153F29E-FF0D-4CCE-BB5D-444793AB9A2E}.Release|x64.Build.0 = Release|Any CPU
		{2153F29E-FF0D-4CCE-BB5D-444793AB9A2E}.Release|x64.Deploy.0 = Release|Any CPU
		{2153F29E-FF0D-4CCE-BB5D-444793AB9A2E}.Release|x86.ActiveCfg = Release|Any CPU
		{2153F29E-FF0D-4CCE-BB5D-444793AB9A2E}.Release|x86.Build.0 = Release|Any CPU
		{2153F29E-FF0D-4CCE-BB5D-444793AB9A2E}.Release|x86.Deploy.0 = Release|Any CPU
	EndGlobalSection
	GlobalSection(SolutionProperties) = preSolution
		HideSolutionNode = FALSE
	EndGlobalSection
	GlobalSection(ExtensibilityGlobals) = postSolution
		SolutionGuid = {DE68ACF2-D2FD-4E01-B6A4-BD37BA47D248}
	EndGlobalSection
EndGlobal
