
Microsoft Visual Studio Solution File, Format Version 12.00
# Visual Studio Version 16
VisualStudioVersion = 16.0.29926.136
MinimumVisualStudioVersion = 10.0.40219.1
Project("{FAE04EC0-301F-11D3-BF4B-00C04F79EFBC}") = "Showcase.UWP", "Showcase\Showcase.UWP\Showcase.UWP.csproj", "{02BE4D30-0E72-4A1D-92B1-2254FDBB7F24}"
EndProject
Project("{FAE04EC0-301F-11D3-BF4B-00C04F79EFBC}") = "Showcase.Android", "Showcase\Showcase.Android\Showcase.Android.csproj", "{1508BB1D-3F32-4210-92C0-2ACC203BECCF}"
EndProject
Project("{FAE04EC0-301F-11D3-BF4B-00C04F79EFBC}") = "Showcase.iOS", "Showcase\Showcase.iOS\Showcase.iOS.csproj", "{46F6443B-C3A6-43F4-9FFE-B79DE104BBF1}"
EndProject
Project("{FAE04EC0-301F-11D3-BF4B-00C04F79EFBC}") = "Showcase", "Showcase\Showcase\Showcase.csproj", "{8B060FC2-B9AD-4412-A33C-5CD7DCD5E5CB}"
EndProject
Global
	GlobalSection(SolutionConfigurationPlatforms) = preSolution
		Debug|Any CPU = Debug|Any CPU
		Debug|ARM = Debug|ARM
		Debug|iPhone = Debug|iPhone
		Debug|iPhoneSimulator = Debug|iPhoneSimulator
		Debug|x64 = Debug|x64
		Debug|x86 = Debug|x86
		Release|Any CPU = Release|Any CPU
		Release|ARM = Release|ARM
		Release|iPhone = Release|iPhone
		Release|iPhoneSimulator = Release|iPhoneSimulator
		Release|x64 = Release|x64
		Release|x86 = Release|x86
	EndGlobalSection
	GlobalSection(ProjectConfigurationPlatforms) = postSolution
		{02BE4D30-0E72-4A1D-92B1-2254FDBB7F24}.Debug|Any CPU.ActiveCfg = Debug|x86
		{02BE4D30-0E72-4A1D-92B1-2254FDBB7F24}.Debug|Any CPU.Build.0 = Debug|x86
		{02BE4D30-0E72-4A1D-92B1-2254FDBB7F24}.Debug|Any CPU.Deploy.0 = Debug|x86
		{02BE4D30-0E72-4A1D-92B1-2254FDBB7F24}.Debug|ARM.ActiveCfg = Debug|ARM
		{02BE4D30-0E72-4A1D-92B1-2254FDBB7F24}.Debug|ARM.Build.0 = Debug|ARM
		{02BE4D30-0E72-4A1D-92B1-2254FDBB7F24}.Debug|ARM.Deploy.0 = Debug|ARM
		{02BE4D30-0E72-4A1D-92B1-2254FDBB7F24}.Debug|iPhone.ActiveCfg = Debug|x86
		{02BE4D30-0E72-4A1D-92B1-2254FDBB7F24}.Debug|iPhone.Build.0 = Debug|x86
		{02BE4D30-0E72-4A1D-92B1-2254FDBB7F24}.Debug|iPhone.Deploy.0 = Debug|x86
		{02BE4D30-0E72-4A1D-92B1-2254FDBB7F24}.Debug|iPhoneSimulator.ActiveCfg = Debug|x86
		{02BE4D30-0E72-4A1D-92B1-2254FDBB7F24}.Debug|iPhoneSimulator.Build.0 = Debug|x86
		{02BE4D30-0E72-4A1D-92B1-2254FDBB7F24}.Debug|iPhoneSimulator.Deploy.0 = Debug|x86
		{02BE4D30-0E72-4A1D-92B1-2254FDBB7F24}.Debug|x64.ActiveCfg = Debug|x64
		{02BE4D30-0E72-4A1D-92B1-2254FDBB7F24}.Debug|x64.Build.0 = Debug|x64
		{02BE4D30-0E72-4A1D-92B1-2254FDBB7F24}.Debug|x64.Deploy.0 = Debug|x64
		{02BE4D30-0E72-4A1D-92B1-2254FDBB7F24}.Debug|x86.ActiveCfg = Debug|x86
		{02BE4D30-0E72-4A1D-92B1-2254FDBB7F24}.Debug|x86.Build.0 = Debug|x86
		{02BE4D30-0E72-4A1D-92B1-2254FDBB7F24}.Debug|x86.Deploy.0 = Debug|x86
		{02BE4D30-0E72-4A1D-92B1-2254FDBB7F24}.Release|Any CPU.ActiveCfg = Release|x86
		{02BE4D30-0E72-4A1D-92B1-2254FDBB7F24}.Release|Any CPU.Build.0 = Release|x86
		{02BE4D30-0E72-4A1D-92B1-2254FDBB7F24}.Release|Any CPU.Deploy.0 = Release|x86
		{02BE4D30-0E72-4A1D-92B1-2254FDBB7F24}.Release|ARM.ActiveCfg = Release|ARM
		{02BE4D30-0E72-4A1D-92B1-2254FDBB7F24}.Release|ARM.Build.0 = Release|ARM
		{02BE4D30-0E72-4A1D-92B1-2254FDBB7F24}.Release|ARM.Deploy.0 = Release|ARM
		{02BE4D30-0E72-4A1D-92B1-2254FDBB7F24}.Release|iPhone.ActiveCfg = Release|x86
		{02BE4D30-0E72-4A1D-92B1-2254FDBB7F24}.Release|iPhone.Build.0 = Release|x86
		{02BE4D30-0E72-4A1D-92B1-2254FDBB7F24}.Release|iPhone.Deploy.0 = Release|x86
		{02BE4D30-0E72-4A1D-92B1-2254FDBB7F24}.Release|iPhoneSimulator.ActiveCfg = Release|x86
		{02BE4D30-0E72-4A1D-92B1-2254FDBB7F24}.Release|iPhoneSimulator.Build.0 = Release|x86
		{02BE4D30-0E72-4A1D-92B1-2254FDBB7F24}.Release|iPhoneSimulator.Deploy.0 = Release|x86
		{02BE4D30-0E72-4A1D-92B1-2254FDBB7F24}.Release|x64.ActiveCfg = Release|x64
		{02BE4D30-0E72-4A1D-92B1-2254FDBB7F24}.Release|x64.Build.0 = Release|x64
		{02BE4D30-0E72-4A1D-92B1-2254FDBB7F24}.Release|x64.Deploy.0 = Release|x64
		{02BE4D30-0E72-4A1D-92B1-2254FDBB7F24}.Release|x86.ActiveCfg = Release|x86
		{02BE4D30-0E72-4A1D-92B1-2254FDBB7F24}.Release|x86.Build.0 = Release|x86
		{02BE4D30-0E72-4A1D-92B1-2254FDBB7F24}.Release|x86.Deploy.0 = Release|x86
		{1508BB1D-3F32-4210-92C0-2ACC203BECCF}.Debug|Any CPU.ActiveCfg = Debug|Any CPU
		{1508BB1D-3F32-4210-92C0-2ACC203BECCF}.Debug|Any CPU.Build.0 = Debug|Any CPU
		{1508BB1D-3F32-4210-92C0-2ACC203BECCF}.Debug|Any CPU.Deploy.0 = Debug|Any CPU
		{1508BB1D-3F32-4210-92C0-2ACC203BECCF}.Debug|ARM.ActiveCfg = Debug|Any CPU
		{1508BB1D-3F32-4210-92C0-2ACC203BECCF}.Debug|ARM.Build.0 = Debug|Any CPU
		{1508BB1D-3F32-4210-92C0-2ACC203BECCF}.Debug|ARM.Deploy.0 = Debug|Any CPU
		{1508BB1D-3F32-4210-92C0-2ACC203BECCF}.Debug|iPhone.ActiveCfg = Debug|Any CPU
		{1508BB1D-3F32-4210-92C0-2ACC203BECCF}.Debug|iPhone.Build.0 = Debug|Any CPU
		{1508BB1D-3F32-4210-92C0-2ACC203BECCF}.Debug|iPhone.Deploy.0 = Debug|Any CPU
		{1508BB1D-3F32-4210-92C0-2ACC203BECCF}.Debug|iPhoneSimulator.ActiveCfg = Debug|Any CPU
		{1508BB1D-3F32-4210-92C0-2ACC203BECCF}.Debug|iPhoneSimulator.Build.0 = Debug|Any CPU
		{1508BB1D-3F32-4210-92C0-2ACC203BECCF}.Debug|iPhoneSimulator.Deploy.0 = Debug|Any CPU
		{1508BB1D-3F32-4210-92C0-2ACC203BECCF}.Debug|x64.ActiveCfg = Debug|Any CPU
		{1508BB1D-3F32-4210-92C0-2ACC203BECCF}.Debug|x64.Build.0 = Debug|Any CPU
		{1508BB1D-3F32-4210-92C0-2ACC203BECCF}.Debug|x64.Deploy.0 = Debug|Any CPU
		{1508BB1D-3F32-4210-92C0-2ACC203BECCF}.Debug|x86.ActiveCfg = Debug|Any CPU
		{1508BB1D-3F32-4210-92C0-2ACC203BECCF}.Debug|x86.Build.0 = Debug|Any CPU
		{1508BB1D-3F32-4210-92C0-2ACC203BECCF}.Debug|x86.Deploy.0 = Debug|Any CPU
		{1508BB1D-3F32-4210-92C0-2ACC203BECCF}.Release|Any CPU.ActiveCfg = Release|Any CPU
		{1508BB1D-3F32-4210-92C0-2ACC203BECCF}.Release|Any CPU.Build.0 = Release|Any CPU
		{1508BB1D-3F32-4210-92C0-2ACC203BECCF}.Release|Any CPU.Deploy.0 = Release|Any CPU
		{1508BB1D-3F32-4210-92C0-2ACC203BECCF}.Release|ARM.ActiveCfg = Release|Any CPU
		{1508BB1D-3F32-4210-92C0-2ACC203BECCF}.Release|ARM.Build.0 = Release|Any CPU
		{1508BB1D-3F32-4210-92C0-2ACC203BECCF}.Release|ARM.Deploy.0 = Release|Any CPU
		{1508BB1D-3F32-4210-92C0-2ACC203BECCF}.Release|iPhone.ActiveCfg = Release|Any CPU
		{1508BB1D-3F32-4210-92C0-2ACC203BECCF}.Release|iPhone.Build.0 = Release|Any CPU
		{1508BB1D-3F32-4210-92C0-2ACC203BECCF}.Release|iPhone.Deploy.0 = Release|Any CPU
		{1508BB1D-3F32-4210-92C0-2ACC203BECCF}.Release|iPhoneSimulator.ActiveCfg = Release|Any CPU
		{1508BB1D-3F32-4210-92C0-2ACC203BECCF}.Release|iPhoneSimulator.Build.0 = Release|Any CPU
		{1508BB1D-3F32-4210-92C0-2ACC203BECCF}.Release|iPhoneSimulator.Deploy.0 = Release|Any CPU
		{1508BB1D-3F32-4210-92C0-2ACC203BECCF}.Release|x64.ActiveCfg = Release|Any CPU
		{1508BB1D-3F32-4210-92C0-2ACC203BECCF}.Release|x64.Build.0 = Release|Any CPU
		{1508BB1D-3F32-4210-92C0-2ACC203BECCF}.Release|x64.Deploy.0 = Release|Any CPU
		{1508BB1D-3F32-4210-92C0-2ACC203BECCF}.Release|x86.ActiveCfg = Release|Any CPU
		{1508BB1D-3F32-4210-92C0-2ACC203BECCF}.Release|x86.Build.0 = Release|Any CPU
		{1508BB1D-3F32-4210-92C0-2ACC203BECCF}.Release|x86.Deploy.0 = Release|Any CPU
		{46F6443B-C3A6-43F4-9FFE-B79DE104BBF1}.Debug|Any CPU.ActiveCfg = Debug|iPhone
		{46F6443B-C3A6-43F4-9FFE-B79DE104BBF1}.Debug|Any CPU.Build.0 = Debug|iPhone
		{46F6443B-C3A6-43F4-9FFE-B79DE104BBF1}.Debug|Any CPU.Deploy.0 = Debug|iPhone
		{46F6443B-C3A6-43F4-9FFE-B79DE104BBF1}.Debug|ARM.ActiveCfg = Debug|iPhone
		{46F6443B-C3A6-43F4-9FFE-B79DE104BBF1}.Debug|ARM.Build.0 = Debug|iPhone
		{46F6443B-C3A6-43F4-9FFE-B79DE104BBF1}.Debug|ARM.Deploy.0 = Debug|iPhone
		{46F6443B-C3A6-43F4-9FFE-B79DE104BBF1}.Debug|iPhone.ActiveCfg = Debug|iPhone
		{46F6443B-C3A6-43F4-9FFE-B79DE104BBF1}.Debug|iPhone.Build.0 = Debug|iPhone
		{46F6443B-C3A6-43F4-9FFE-B79DE104BBF1}.Debug|iPhone.Deploy.0 = Debug|iPhone
		{46F6443B-C3A6-43F4-9FFE-B79DE104BBF1}.Debug|iPhoneSimulator.ActiveCfg = Debug|iPhoneSimulator
		{46F6443B-C3A6-43F4-9FFE-B79DE104BBF1}.Debug|iPhoneSimulator.Build.0 = Debug|iPhoneSimulator
		{46F6443B-C3A6-43F4-9FFE-B79DE104BBF1}.Debug|iPhoneSimulator.Deploy.0 = Debug|iPhoneSimulator
		{46F6443B-C3A6-43F4-9FFE-B79DE104BBF1}.Debug|x64.ActiveCfg = Debug|iPhone
		{46F6443B-C3A6-43F4-9FFE-B79DE104BBF1}.Debug|x64.Build.0 = Debug|iPhone
		{46F6443B-C3A6-43F4-9FFE-B79DE104BBF1}.Debug|x64.Deploy.0 = Debug|iPhone
		{46F6443B-C3A6-43F4-9FFE-B79DE104BBF1}.Debug|x86.ActiveCfg = Debug|iPhone
		{46F6443B-C3A6-43F4-9FFE-B79DE104BBF1}.Debug|x86.Build.0 = Debug|iPhone
		{46F6443B-C3A6-43F4-9FFE-B79DE104BBF1}.Debug|x86.Deploy.0 = Debug|iPhone
		{46F6443B-C3A6-43F4-9FFE-B79DE104BBF1}.Release|Any CPU.ActiveCfg = Release|iPhone
		{46F6443B-C3A6-43F4-9FFE-B79DE104BBF1}.Release|Any CPU.Build.0 = Release|iPhone
		{46F6443B-C3A6-43F4-9FFE-B79DE104BBF1}.Release|Any CPU.Deploy.0 = Release|iPhone
		{46F6443B-C3A6-43F4-9FFE-B79DE104BBF1}.Release|ARM.ActiveCfg = Release|iPhone
		{46F6443B-C3A6-43F4-9FFE-B79DE104BBF1}.Release|ARM.Build.0 = Release|iPhone
		{46F6443B-C3A6-43F4-9FFE-B79DE104BBF1}.Release|ARM.Deploy.0 = Release|iPhone
		{46F6443B-C3A6-43F4-9FFE-B79DE104BBF1}.Release|iPhone.ActiveCfg = Release|iPhone
		{46F6443B-C3A6-43F4-9FFE-B79DE104BBF1}.Release|iPhone.Build.0 = Release|iPhone
		{46F6443B-C3A6-43F4-9FFE-B79DE104BBF1}.Release|iPhone.Deploy.0 = Release|iPhone
		{46F6443B-C3A6-43F4-9FFE-B79DE104BBF1}.Release|iPhoneSimulator.ActiveCfg = Release|iPhoneSimulator
		{46F6443B-C3A6-43F4-9FFE-B79DE104BBF1}.Release|iPhoneSimulator.Build.0 = Release|iPhoneSimulator
		{46F6443B-C3A6-43F4-9FFE-B79DE104BBF1}.Release|iPhoneSimulator.Deploy.0 = Release|iPhoneSimulator
		{46F6443B-C3A6-43F4-9FFE-B79DE104BBF1}.Release|x64.ActiveCfg = Release|iPhone
		{46F6443B-C3A6-43F4-9FFE-B79DE104BBF1}.Release|x64.Build.0 = Release|iPhone
		{46F6443B-C3A6-43F4-9FFE-B79DE104BBF1}.Release|x64.Deploy.0 = Release|iPhone
		{46F6443B-C3A6-43F4-9FFE-B79DE104BBF1}.Release|x86.ActiveCfg = Release|iPhone
		{46F6443B-C3A6-43F4-9FFE-B79DE104BBF1}.Release|x86.Build.0 = Release|iPhone
		{46F6443B-C3A6-43F4-9FFE-B79DE104BBF1}.Release|x86.Deploy.0 = Release|iPhone
		{8B060FC2-B9AD-4412-A33C-5CD7DCD5E5CB}.Debug|Any CPU.ActiveCfg = Debug|Any CPU
		{8B060FC2-B9AD-4412-A33C-5CD7DCD5E5CB}.Debug|Any CPU.Build.0 = Debug|Any CPU
		{8B060FC2-B9AD-4412-A33C-5CD7DCD5E5CB}.Debug|Any CPU.Deploy.0 = Debug|Any CPU
		{8B060FC2-B9AD-4412-A33C-5CD7DCD5E5CB}.Debug|ARM.ActiveCfg = Debug|Any CPU
		{8B060FC2-B9AD-4412-A33C-5CD7DCD5E5CB}.Debug|ARM.Build.0 = Debug|Any CPU
		{8B060FC2-B9AD-4412-A33C-5CD7DCD5E5CB}.Debug|ARM.Deploy.0 = Debug|Any CPU
		{8B060FC2-B9AD-4412-A33C-5CD7DCD5E5CB}.Debug|iPhone.ActiveCfg = Debug|Any CPU
		{8B060FC2-B9AD-4412-A33C-5CD7DCD5E5CB}.Debug|iPhone.Build.0 = Debug|Any CPU
		{8B060FC2-B9AD-4412-A33C-5CD7DCD5E5CB}.Debug|iPhone.Deploy.0 = Debug|Any CPU
		{8B060FC2-B9AD-4412-A33C-5CD7DCD5E5CB}.Debug|iPhoneSimulator.ActiveCfg = Debug|Any CPU
		{8B060FC2-B9AD-4412-A33C-5CD7DCD5E5CB}.Debug|iPhoneSimulator.Build.0 = Debug|Any CPU
		{8B060FC2-B9AD-4412-A33C-5CD7DCD5E5CB}.Debug|iPhoneSimulator.Deploy.0 = Debug|Any CPU
		{8B060FC2-B9AD-4412-A33C-5CD7DCD5E5CB}.Debug|x64.ActiveCfg = Debug|Any CPU
		{8B060FC2-B9AD-4412-A33C-5CD7DCD5E5CB}.Debug|x64.Build.0 = Debug|Any CPU
		{8B060FC2-B9AD-4412-A33C-5CD7DCD5E5CB}.Debug|x64.Deploy.0 = Debug|Any CPU
		{8B060FC2-B9AD-4412-A33C-5CD7DCD5E5CB}.Debug|x86.ActiveCfg = Debug|Any CPU
		{8B060FC2-B9AD-4412-A33C-5CD7DCD5E5CB}.Debug|x86.Build.0 = Debug|Any CPU
		{8B060FC2-B9AD-4412-A33C-5CD7DCD5E5CB}.Debug|x86.Deploy.0 = Debug|Any CPU
		{8B060FC2-B9AD-4412-A33C-5CD7DCD5E5CB}.Release|Any CPU.ActiveCfg = Release|Any CPU
		{8B060FC2-B9AD-4412-A33C-5CD7DCD5E5CB}.Release|Any CPU.Build.0 = Release|Any CPU
		{8B060FC2-B9AD-4412-A33C-5CD7DCD5E5CB}.Release|Any CPU.Deploy.0 = Release|Any CPU
		{8B060FC2-B9AD-4412-A33C-5CD7DCD5E5CB}.Release|ARM.ActiveCfg = Release|Any CPU
		{8B060FC2-B9AD-4412-A33C-5CD7DCD5E5CB}.Release|ARM.Build.0 = Release|Any CPU
		{8B060FC2-B9AD-4412-A33C-5CD7DCD5E5CB}.Release|ARM.Deploy.0 = Release|Any CPU
		{8B060FC2-B9AD-4412-A33C-5CD7DCD5E5CB}.Release|iPhone.ActiveCfg = Release|Any CPU
		{8B060FC2-B9AD-4412-A33C-5CD7DCD5E5CB}.Release|iPhone.Build.0 = Release|Any CPU
		{8B060FC2-B9AD-4412-A33C-5CD7DCD5E5CB}.Release|iPhone.Deploy.0 = Release|Any CPU
		{8B060FC2-B9AD-4412-A33C-5CD7DCD5E5CB}.Release|iPhoneSimulator.ActiveCfg = Release|Any CPU
		{8B060FC2-B9AD-4412-A33C-5CD7DCD5E5CB}.Release|iPhoneSimulator.Build.0 = Release|Any CPU
		{8B060FC2-B9AD-4412-A33C-5CD7DCD5E5CB}.Release|iPhoneSimulator.Deploy.0 = Release|Any CPU
		{8B060FC2-B9AD-4412-A33C-5CD7DCD5E5CB}.Release|x64.ActiveCfg = Release|Any CPU
		{8B060FC2-B9AD-4412-A33C-5CD7DCD5E5CB}.Release|x64.Build.0 = Release|Any CPU
		{8B060FC2-B9AD-4412-A33C-5CD7DCD5E5CB}.Release|x64.Deploy.0 = Release|Any CPU
		{8B060FC2-B9AD-4412-A33C-5CD7DCD5E5CB}.Release|x86.ActiveCfg = Release|Any CPU
		{8B060FC2-B9AD-4412-A33C-5CD7DCD5E5CB}.Release|x86.Build.0 = Release|Any CPU
		{8B060FC2-B9AD-4412-A33C-5CD7DCD5E5CB}.Release|x86.Deploy.0 = Release|Any CPU
	EndGlobalSection
	GlobalSection(SolutionProperties) = preSolution
		HideSolutionNode = FALSE
	EndGlobalSection
	GlobalSection(ExtensibilityGlobals) = postSolution
		SolutionGuid = {774950EA-84C7-4353-83E7-AA60000F9FB1}
	EndGlobalSection
EndGlobal
