
Microsoft Visual Studio Solution File, Format Version 12.00
# Visual Studio Version 16
VisualStudioVersion = 16.0.29926.136
MinimumVisualStudioVersion = 10.0.40219.1
Project("{FAE04EC0-301F-11D3-BF4B-00C04F79EFBC}") = "CircleButton.UWP", "CircleButton\CircleButton.UWP\CircleButton.UWP.csproj", "{20892200-5776-459C-B0F5-718440866BFC}"
EndProject
Project("{FAE04EC0-301F-11D3-BF4B-00C04F79EFBC}") = "CircleButton.Android", "CircleButton\CircleButton.Android\CircleButton.Android.csproj", "{76358F94-AE92-435C-B68F-47069FCEBC21}"
EndProject
Project("{FAE04EC0-301F-11D3-BF4B-00C04F79EFBC}") = "CircleButton.iOS", "CircleButton\CircleButton.iOS\CircleButton.iOS.csproj", "{23F24B38-2346-45AA-8B1F-21780D6ED476}"
EndProject
Project("{FAE04EC0-301F-11D3-BF4B-00C04F79EFBC}") = "CircleButton", "CircleButton\CircleButton\CircleButton.csproj", "{DA59732C-09E4-44EB-8116-350B861D4E59}"
EndProject
Global
	GlobalSection(SolutionConfigurationPlatforms) = preSolution
		Debug|Any CPU = Debug|Any CPU
		Debug|ARM = Debug|ARM
		Debug|iPhone = Debug|iPhone
		Debug|iPhoneSimulator = Debug|iPhoneSimulator
		Debug|x64 = Debug|x64
		Debug|x86 = Debug|x86
		Release|Any CPU = Release|Any CPU
		Release|ARM = Release|ARM
		Release|iPhone = Release|iPhone
		Release|iPhoneSimulator = Release|iPhoneSimulator
		Release|x64 = Release|x64
		Release|x86 = Release|x86
	EndGlobalSection
	GlobalSection(ProjectConfigurationPlatforms) = postSolution
		{20892200-5776-459C-B0F5-718440866BFC}.Debug|Any CPU.ActiveCfg = Debug|x86
		{20892200-5776-459C-B0F5-718440866BFC}.Debug|Any CPU.Build.0 = Debug|x86
		{20892200-5776-459C-B0F5-718440866BFC}.Debug|Any CPU.Deploy.0 = Debug|x86
		{20892200-5776-459C-B0F5-718440866BFC}.Debug|ARM.ActiveCfg = Debug|ARM
		{20892200-5776-459C-B0F5-718440866BFC}.Debug|ARM.Build.0 = Debug|ARM
		{20892200-5776-459C-B0F5-718440866BFC}.Debug|ARM.Deploy.0 = Debug|ARM
		{20892200-5776-459C-B0F5-718440866BFC}.Debug|iPhone.ActiveCfg = Debug|x86
		{20892200-5776-459C-B0F5-718440866BFC}.Debug|iPhone.Build.0 = Debug|x86
		{20892200-5776-459C-B0F5-718440866BFC}.Debug|iPhone.Deploy.0 = Debug|x86
		{20892200-5776-459C-B0F5-718440866BFC}.Debug|iPhoneSimulator.ActiveCfg = Debug|x86
		{20892200-5776-459C-B0F5-718440866BFC}.Debug|iPhoneSimulator.Build.0 = Debug|x86
		{20892200-5776-459C-B0F5-718440866BFC}.Debug|iPhoneSimulator.Deploy.0 = Debug|x86
		{20892200-5776-459C-B0F5-718440866BFC}.Debug|x64.ActiveCfg = Debug|x64
		{20892200-5776-459C-B0F5-718440866BFC}.Debug|x64.Build.0 = Debug|x64
		{20892200-5776-459C-B0F5-718440866BFC}.Debug|x64.Deploy.0 = Debug|x64
		{20892200-5776-459C-B0F5-718440866BFC}.Debug|x86.ActiveCfg = Debug|x86
		{20892200-5776-459C-B0F5-718440866BFC}.Debug|x86.Build.0 = Debug|x86
		{20892200-5776-459C-B0F5-718440866BFC}.Debug|x86.Deploy.0 = Debug|x86
		{20892200-5776-459C-B0F5-718440866BFC}.Release|Any CPU.ActiveCfg = Release|x86
		{20892200-5776-459C-B0F5-718440866BFC}.Release|Any CPU.Build.0 = Release|x86
		{20892200-5776-459C-B0F5-718440866BFC}.Release|Any CPU.Deploy.0 = Release|x86
		{20892200-5776-459C-B0F5-718440866BFC}.Release|ARM.ActiveCfg = Release|ARM
		{20892200-5776-459C-B0F5-718440866BFC}.Release|ARM.Build.0 = Release|ARM
		{20892200-5776-459C-B0F5-718440866BFC}.Release|ARM.Deploy.0 = Release|ARM
		{20892200-5776-459C-B0F5-718440866BFC}.Release|iPhone.ActiveCfg = Release|x86
		{20892200-5776-459C-B0F5-718440866BFC}.Release|iPhone.Build.0 = Release|x86
		{20892200-5776-459C-B0F5-718440866BFC}.Release|iPhone.Deploy.0 = Release|x86
		{20892200-5776-459C-B0F5-718440866BFC}.Release|iPhoneSimulator.ActiveCfg = Release|x86
		{20892200-5776-459C-B0F5-718440866BFC}.Release|iPhoneSimulator.Build.0 = Release|x86
		{20892200-5776-459C-B0F5-718440866BFC}.Release|iPhoneSimulator.Deploy.0 = Release|x86
		{20892200-5776-459C-B0F5-718440866BFC}.Release|x64.ActiveCfg = Release|x64
		{20892200-5776-459C-B0F5-718440866BFC}.Release|x64.Build.0 = Release|x64
		{20892200-5776-459C-B0F5-718440866BFC}.Release|x64.Deploy.0 = Release|x64
		{20892200-5776-459C-B0F5-718440866BFC}.Release|x86.ActiveCfg = Release|x86
		{20892200-5776-459C-B0F5-718440866BFC}.Release|x86.Build.0 = Release|x86
		{20892200-5776-459C-B0F5-718440866BFC}.Release|x86.Deploy.0 = Release|x86
		{76358F94-AE92-435C-B68F-47069FCEBC21}.Debug|Any CPU.ActiveCfg = Debug|Any CPU
		{76358F94-AE92-435C-B68F-47069FCEBC21}.Debug|Any CPU.Build.0 = Debug|Any CPU
		{76358F94-AE92-435C-B68F-47069FCEBC21}.Debug|Any CPU.Deploy.0 = Debug|Any CPU
		{76358F94-AE92-435C-B68F-47069FCEBC21}.Debug|ARM.ActiveCfg = Debug|Any CPU
		{76358F94-AE92-435C-B68F-47069FCEBC21}.Debug|ARM.Build.0 = Debug|Any CPU
		{76358F94-AE92-435C-B68F-47069FCEBC21}.Debug|ARM.Deploy.0 = Debug|Any CPU
		{76358F94-AE92-435C-B68F-47069FCEBC21}.Debug|iPhone.ActiveCfg = Debug|Any CPU
		{76358F94-AE92-435C-B68F-47069FCEBC21}.Debug|iPhone.Build.0 = Debug|Any CPU
		{76358F94-AE92-435C-B68F-47069FCEBC21}.Debug|iPhone.Deploy.0 = Debug|Any CPU
		{76358F94-AE92-435C-B68F-47069FCEBC21}.Debug|iPhoneSimulator.ActiveCfg = Debug|Any CPU
		{76358F94-AE92-435C-B68F-47069FCEBC21}.Debug|iPhoneSimulator.Build.0 = Debug|Any CPU
		{76358F94-AE92-435C-B68F-47069FCEBC21}.Debug|iPhoneSimulator.Deploy.0 = Debug|Any CPU
		{76358F94-AE92-435C-B68F-47069FCEBC21}.Debug|x64.ActiveCfg = Debug|Any CPU
		{76358F94-AE92-435C-B68F-47069FCEBC21}.Debug|x64.Build.0 = Debug|Any CPU
		{76358F94-AE92-435C-B68F-47069FCEBC21}.Debug|x64.Deploy.0 = Debug|Any CPU
		{76358F94-AE92-435C-B68F-47069FCEBC21}.Debug|x86.ActiveCfg = Debug|Any CPU
		{76358F94-AE92-435C-B68F-47069FCEBC21}.Debug|x86.Build.0 = Debug|Any CPU
		{76358F94-AE92-435C-B68F-47069FCEBC21}.Debug|x86.Deploy.0 = Debug|Any CPU
		{76358F94-AE92-435C-B68F-47069FCEBC21}.Release|Any CPU.ActiveCfg = Release|Any CPU
		{76358F94-AE92-435C-B68F-47069FCEBC21}.Release|Any CPU.Build.0 = Release|Any CPU
		{76358F94-AE92-435C-B68F-47069FCEBC21}.Release|Any CPU.Deploy.0 = Release|Any CPU
		{76358F94-AE92-435C-B68F-47069FCEBC21}.Release|ARM.ActiveCfg = Release|Any CPU
		{76358F94-AE92-435C-B68F-47069FCEBC21}.Release|ARM.Build.0 = Release|Any CPU
		{76358F94-AE92-435C-B68F-47069FCEBC21}.Release|ARM.Deploy.0 = Release|Any CPU
		{76358F94-AE92-435C-B68F-47069FCEBC21}.Release|iPhone.ActiveCfg = Release|Any CPU
		{76358F94-AE92-435C-B68F-47069FCEBC21}.Release|iPhone.Build.0 = Release|Any CPU
		{76358F94-AE92-435C-B68F-47069FCEBC21}.Release|iPhone.Deploy.0 = Release|Any CPU
		{76358F94-AE92-435C-B68F-47069FCEBC21}.Release|iPhoneSimulator.ActiveCfg = Release|Any CPU
		{76358F94-AE92-435C-B68F-47069FCEBC21}.Release|iPhoneSimulator.Build.0 = Release|Any CPU
		{76358F94-AE92-435C-B68F-47069FCEBC21}.Release|iPhoneSimulator.Deploy.0 = Release|Any CPU
		{76358F94-AE92-435C-B68F-47069FCEBC21}.Release|x64.ActiveCfg = Release|Any CPU
		{76358F94-AE92-435C-B68F-47069FCEBC21}.Release|x64.Build.0 = Release|Any CPU
		{76358F94-AE92-435C-B68F-47069FCEBC21}.Release|x64.Deploy.0 = Release|Any CPU
		{76358F94-AE92-435C-B68F-47069FCEBC21}.Release|x86.ActiveCfg = Release|Any CPU
		{76358F94-AE92-435C-B68F-47069FCEBC21}.Release|x86.Build.0 = Release|Any CPU
		{76358F94-AE92-435C-B68F-47069FCEBC21}.Release|x86.Deploy.0 = Release|Any CPU
		{23F24B38-2346-45AA-8B1F-21780D6ED476}.Debug|Any CPU.ActiveCfg = Debug|iPhone
		{23F24B38-2346-45AA-8B1F-21780D6ED476}.Debug|Any CPU.Build.0 = Debug|iPhone
		{23F24B38-2346-45AA-8B1F-21780D6ED476}.Debug|Any CPU.Deploy.0 = Debug|iPhone
		{23F24B38-2346-45AA-8B1F-21780D6ED476}.Debug|ARM.ActiveCfg = Debug|iPhone
		{23F24B38-2346-45AA-8B1F-21780D6ED476}.Debug|ARM.Build.0 = Debug|iPhone
		{23F24B38-2346-45AA-8B1F-21780D6ED476}.Debug|ARM.Deploy.0 = Debug|iPhone
		{23F24B38-2346-45AA-8B1F-21780D6ED476}.Debug|iPhone.ActiveCfg = Debug|iPhone
		{23F24B38-2346-45AA-8B1F-21780D6ED476}.Debug|iPhone.Build.0 = Debug|iPhone
		{23F24B38-2346-45AA-8B1F-21780D6ED476}.Debug|iPhone.Deploy.0 = Debug|iPhone
		{23F24B38-2346-45AA-8B1F-21780D6ED476}.Debug|iPhoneSimulator.ActiveCfg = Debug|iPhoneSimulator
		{23F24B38-2346-45AA-8B1F-21780D6ED476}.Debug|iPhoneSimulator.Build.0 = Debug|iPhoneSimulator
		{23F24B38-2346-45AA-8B1F-21780D6ED476}.Debug|iPhoneSimulator.Deploy.0 = Debug|iPhoneSimulator
		{23F24B38-2346-45AA-8B1F-21780D6ED476}.Debug|x64.ActiveCfg = Debug|iPhone
		{23F24B38-2346-45AA-8B1F-21780D6ED476}.Debug|x64.Build.0 = Debug|iPhone
		{23F24B38-2346-45AA-8B1F-21780D6ED476}.Debug|x64.Deploy.0 = Debug|iPhone
		{23F24B38-2346-45AA-8B1F-21780D6ED476}.Debug|x86.ActiveCfg = Debug|iPhone
		{23F24B38-2346-45AA-8B1F-21780D6ED476}.Debug|x86.Build.0 = Debug|iPhone
		{23F24B38-2346-45AA-8B1F-21780D6ED476}.Debug|x86.Deploy.0 = Debug|iPhone
		{23F24B38-2346-45AA-8B1F-21780D6ED476}.Release|Any CPU.ActiveCfg = Release|iPhone
		{23F24B38-2346-45AA-8B1F-21780D6ED476}.Release|Any CPU.Build.0 = Release|iPhone
		{23F24B38-2346-45AA-8B1F-21780D6ED476}.Release|Any CPU.Deploy.0 = Release|iPhone
		{23F24B38-2346-45AA-8B1F-21780D6ED476}.Release|ARM.ActiveCfg = Release|iPhone
		{23F24B38-2346-45AA-8B1F-21780D6ED476}.Release|ARM.Build.0 = Release|iPhone
		{23F24B38-2346-45AA-8B1F-21780D6ED476}.Release|ARM.Deploy.0 = Release|iPhone
		{23F24B38-2346-45AA-8B1F-21780D6ED476}.Release|iPhone.ActiveCfg = Release|iPhone
		{23F24B38-2346-45AA-8B1F-21780D6ED476}.Release|iPhone.Build.0 = Release|iPhone
		{23F24B38-2346-45AA-8B1F-21780D6ED476}.Release|iPhone.Deploy.0 = Release|iPhone
		{23F24B38-2346-45AA-8B1F-21780D6ED476}.Release|iPhoneSimulator.ActiveCfg = Release|iPhoneSimulator
		{23F24B38-2346-45AA-8B1F-21780D6ED476}.Release|iPhoneSimulator.Build.0 = Release|iPhoneSimulator
		{23F24B38-2346-45AA-8B1F-21780D6ED476}.Release|iPhoneSimulator.Deploy.0 = Release|iPhoneSimulator
		{23F24B38-2346-45AA-8B1F-21780D6ED476}.Release|x64.ActiveCfg = Release|iPhone
		{23F24B38-2346-45AA-8B1F-21780D6ED476}.Release|x64.Build.0 = Release|iPhone
		{23F24B38-2346-45AA-8B1F-21780D6ED476}.Release|x64.Deploy.0 = Release|iPhone
		{23F24B38-2346-45AA-8B1F-21780D6ED476}.Release|x86.ActiveCfg = Release|iPhone
		{23F24B38-2346-45AA-8B1F-21780D6ED476}.Release|x86.Build.0 = Release|iPhone
		{23F24B38-2346-45AA-8B1F-21780D6ED476}.Release|x86.Deploy.0 = Release|iPhone
		{DA59732C-09E4-44EB-8116-350B861D4E59}.Debug|Any CPU.ActiveCfg = Debug|Any CPU
		{DA59732C-09E4-44EB-8116-350B861D4E59}.Debug|Any CPU.Build.0 = Debug|Any CPU
		{DA59732C-09E4-44EB-8116-350B861D4E59}.Debug|Any CPU.Deploy.0 = Debug|Any CPU
		{DA59732C-09E4-44EB-8116-350B861D4E59}.Debug|ARM.ActiveCfg = Debug|Any CPU
		{DA59732C-09E4-44EB-8116-350B861D4E59}.Debug|ARM.Build.0 = Debug|Any CPU
		{DA59732C-09E4-44EB-8116-350B861D4E59}.Debug|ARM.Deploy.0 = Debug|Any CPU
		{DA59732C-09E4-44EB-8116-350B861D4E59}.Debug|iPhone.ActiveCfg = Debug|Any CPU
		{DA59732C-09E4-44EB-8116-350B861D4E59}.Debug|iPhone.Build.0 = Debug|Any CPU
		{DA59732C-09E4-44EB-8116-350B861D4E59}.Debug|iPhone.Deploy.0 = Debug|Any CPU
		{DA59732C-09E4-44EB-8116-350B861D4E59}.Debug|iPhoneSimulator.ActiveCfg = Debug|Any CPU
		{DA59732C-09E4-44EB-8116-350B861D4E59}.Debug|iPhoneSimulator.Build.0 = Debug|Any CPU
		{DA59732C-09E4-44EB-8116-350B861D4E59}.Debug|iPhoneSimulator.Deploy.0 = Debug|Any CPU
		{DA59732C-09E4-44EB-8116-350B861D4E59}.Debug|x64.ActiveCfg = Debug|Any CPU
		{DA59732C-09E4-44EB-8116-350B861D4E59}.Debug|x64.Build.0 = Debug|Any CPU
		{DA59732C-09E4-44EB-8116-350B861D4E59}.Debug|x64.Deploy.0 = Debug|Any CPU
		{DA59732C-09E4-44EB-8116-350B861D4E59}.Debug|x86.ActiveCfg = Debug|Any CPU
		{DA59732C-09E4-44EB-8116-350B861D4E59}.Debug|x86.Build.0 = Debug|Any CPU
		{DA59732C-09E4-44EB-8116-350B861D4E59}.Debug|x86.Deploy.0 = Debug|Any CPU
		{DA59732C-09E4-44EB-8116-350B861D4E59}.Release|Any CPU.ActiveCfg = Release|Any CPU
		{DA59732C-09E4-44EB-8116-350B861D4E59}.Release|Any CPU.Build.0 = Release|Any CPU
		{DA59732C-09E4-44EB-8116-350B861D4E59}.Release|Any CPU.Deploy.0 = Release|Any CPU
		{DA59732C-09E4-44EB-8116-350B861D4E59}.Release|ARM.ActiveCfg = Release|Any CPU
		{DA59732C-09E4-44EB-8116-350B861D4E59}.Release|ARM.Build.0 = Release|Any CPU
		{DA59732C-09E4-44EB-8116-350B861D4E59}.Release|ARM.Deploy.0 = Release|Any CPU
		{DA59732C-09E4-44EB-8116-350B861D4E59}.Release|iPhone.ActiveCfg = Release|Any CPU
		{DA59732C-09E4-44EB-8116-350B861D4E59}.Release|iPhone.Build.0 = Release|Any CPU
		{DA59732C-09E4-44EB-8116-350B861D4E59}.Release|iPhone.Deploy.0 = Release|Any CPU
		{DA59732C-09E4-44EB-8116-350B861D4E59}.Release|iPhoneSimulator.ActiveCfg = Release|Any CPU
		{DA59732C-09E4-44EB-8116-350B861D4E59}.Release|iPhoneSimulator.Build.0 = Release|Any CPU
		{DA59732C-09E4-44EB-8116-350B861D4E59}.Release|iPhoneSimulator.Deploy.0 = Release|Any CPU
		{DA59732C-09E4-44EB-8116-350B861D4E59}.Release|x64.ActiveCfg = Release|Any CPU
		{DA59732C-09E4-44EB-8116-350B861D4E59}.Release|x64.Build.0 = Release|Any CPU
		{DA59732C-09E4-44EB-8116-350B861D4E59}.Release|x64.Deploy.0 = Release|Any CPU
		{DA59732C-09E4-44EB-8116-350B861D4E59}.Release|x86.ActiveCfg = Release|Any CPU
		{DA59732C-09E4-44EB-8116-350B861D4E59}.Release|x86.Build.0 = Release|Any CPU
		{DA59732C-09E4-44EB-8116-350B861D4E59}.Release|x86.Deploy.0 = Release|Any CPU
	EndGlobalSection
	GlobalSection(SolutionProperties) = preSolution
		HideSolutionNode = FALSE
	EndGlobalSection
	GlobalSection(ExtensibilityGlobals) = postSolution
		SolutionGuid = {C70DD608-57D2-4571-82CB-7D1BAD1267B1}
	EndGlobalSection
EndGlobal
