
Microsoft Visual Studio Solution File, Format Version 12.00
# Visual Studio Version 16
VisualStudioVersion = 16.0.29926.136
MinimumVisualStudioVersion = 10.0.40219.1
Project("{FAE04EC0-301F-11D3-BF4B-00C04F79EFBC}") = "AnimationTryout.UWP", "AnimationTryout\AnimationTryout.UWP\AnimationTryout.UWP.csproj", "{2404C779-349D-4E94-9548-1681DDA1DA62}"
EndProject
Project("{FAE04EC0-301F-11D3-BF4B-00C04F79EFBC}") = "AnimationTryout.Android", "AnimationTryout\AnimationTryout.Android\AnimationTryout.Android.csproj", "{B7F8A8EE-0C40-4F38-A766-014001764627}"
EndProject
Project("{FAE04EC0-301F-11D3-BF4B-00C04F79EFBC}") = "AnimationTryout.iOS", "AnimationTryout\AnimationTryout.iOS\AnimationTryout.iOS.csproj", "{E175E26F-1908-4A37-A8F8-2EB38B621842}"
EndProject
Project("{FAE04EC0-301F-11D3-BF4B-00C04F79EFBC}") = "AnimationTryout", "AnimationTryout\AnimationTryout\AnimationTryout.csproj", "{C93432A5-2885-444E-A84A-E86FDDF5F6E1}"
EndProject
Global
	GlobalSection(SolutionConfigurationPlatforms) = preSolution
		Debug|Any CPU = Debug|Any CPU
		Debug|ARM = Debug|ARM
		Debug|iPhone = Debug|iPhone
		Debug|iPhoneSimulator = Debug|iPhoneSimulator
		Debug|x64 = Debug|x64
		Debug|x86 = Debug|x86
		Release|Any CPU = Release|Any CPU
		Release|ARM = Release|ARM
		Release|iPhone = Release|iPhone
		Release|iPhoneSimulator = Release|iPhoneSimulator
		Release|x64 = Release|x64
		Release|x86 = Release|x86
	EndGlobalSection
	GlobalSection(ProjectConfigurationPlatforms) = postSolution
		{2404C779-349D-4E94-9548-1681DDA1DA62}.Debug|Any CPU.ActiveCfg = Debug|x86
		{2404C779-349D-4E94-9548-1681DDA1DA62}.Debug|Any CPU.Build.0 = Debug|x86
		{2404C779-349D-4E94-9548-1681DDA1DA62}.Debug|Any CPU.Deploy.0 = Debug|x86
		{2404C779-349D-4E94-9548-1681DDA1DA62}.Debug|ARM.ActiveCfg = Debug|ARM
		{2404C779-349D-4E94-9548-1681DDA1DA62}.Debug|ARM.Build.0 = Debug|ARM
		{2404C779-349D-4E94-9548-1681DDA1DA62}.Debug|ARM.Deploy.0 = Debug|ARM
		{2404C779-349D-4E94-9548-1681DDA1DA62}.Debug|iPhone.ActiveCfg = Debug|x86
		{2404C779-349D-4E94-9548-1681DDA1DA62}.Debug|iPhone.Build.0 = Debug|x86
		{2404C779-349D-4E94-9548-1681DDA1DA62}.Debug|iPhone.Deploy.0 = Debug|x86
		{2404C779-349D-4E94-9548-1681DDA1DA62}.Debug|iPhoneSimulator.ActiveCfg = Debug|x86
		{2404C779-349D-4E94-9548-1681DDA1DA62}.Debug|iPhoneSimulator.Build.0 = Debug|x86
		{2404C779-349D-4E94-9548-1681DDA1DA62}.Debug|iPhoneSimulator.Deploy.0 = Debug|x86
		{2404C779-349D-4E94-9548-1681DDA1DA62}.Debug|x64.ActiveCfg = Debug|x64
		{2404C779-349D-4E94-9548-1681DDA1DA62}.Debug|x64.Build.0 = Debug|x64
		{2404C779-349D-4E94-9548-1681DDA1DA62}.Debug|x64.Deploy.0 = Debug|x64
		{2404C779-349D-4E94-9548-1681DDA1DA62}.Debug|x86.ActiveCfg = Debug|x86
		{2404C779-349D-4E94-9548-1681DDA1DA62}.Debug|x86.Build.0 = Debug|x86
		{2404C779-349D-4E94-9548-1681DDA1DA62}.Debug|x86.Deploy.0 = Debug|x86
		{2404C779-349D-4E94-9548-1681DDA1DA62}.Release|Any CPU.ActiveCfg = Release|x86
		{2404C779-349D-4E94-9548-1681DDA1DA62}.Release|Any CPU.Build.0 = Release|x86
		{2404C779-349D-4E94-9548-1681DDA1DA62}.Release|Any CPU.Deploy.0 = Release|x86
		{2404C779-349D-4E94-9548-1681DDA1DA62}.Release|ARM.ActiveCfg = Release|ARM
		{2404C779-349D-4E94-9548-1681DDA1DA62}.Release|ARM.Build.0 = Release|ARM
		{2404C779-349D-4E94-9548-1681DDA1DA62}.Release|ARM.Deploy.0 = Release|ARM
		{2404C779-349D-4E94-9548-1681DDA1DA62}.Release|iPhone.ActiveCfg = Release|x86
		{2404C779-349D-4E94-9548-1681DDA1DA62}.Release|iPhone.Build.0 = Release|x86
		{2404C779-349D-4E94-9548-1681DDA1DA62}.Release|iPhone.Deploy.0 = Release|x86
		{2404C779-349D-4E94-9548-1681DDA1DA62}.Release|iPhoneSimulator.ActiveCfg = Release|x86
		{2404C779-349D-4E94-9548-1681DDA1DA62}.Release|iPhoneSimulator.Build.0 = Release|x86
		{2404C779-349D-4E94-9548-1681DDA1DA62}.Release|iPhoneSimulator.Deploy.0 = Release|x86
		{2404C779-349D-4E94-9548-1681DDA1DA62}.Release|x64.ActiveCfg = Release|x64
		{2404C779-349D-4E94-9548-1681DDA1DA62}.Release|x64.Build.0 = Release|x64
		{2404C779-349D-4E94-9548-1681DDA1DA62}.Release|x64.Deploy.0 = Release|x64
		{2404C779-349D-4E94-9548-1681DDA1DA62}.Release|x86.ActiveCfg = Release|x86
		{2404C779-349D-4E94-9548-1681DDA1DA62}.Release|x86.Build.0 = Release|x86
		{2404C779-349D-4E94-9548-1681DDA1DA62}.Release|x86.Deploy.0 = Release|x86
		{B7F8A8EE-0C40-4F38-A766-014001764627}.Debug|Any CPU.ActiveCfg = Debug|Any CPU
		{B7F8A8EE-0C40-4F38-A766-014001764627}.Debug|Any CPU.Build.0 = Debug|Any CPU
		{B7F8A8EE-0C40-4F38-A766-014001764627}.Debug|Any CPU.Deploy.0 = Debug|Any CPU
		{B7F8A8EE-0C40-4F38-A766-014001764627}.Debug|ARM.ActiveCfg = Debug|Any CPU
		{B7F8A8EE-0C40-4F38-A766-014001764627}.Debug|ARM.Build.0 = Debug|Any CPU
		{B7F8A8EE-0C40-4F38-A766-014001764627}.Debug|ARM.Deploy.0 = Debug|Any CPU
		{B7F8A8EE-0C40-4F38-A766-014001764627}.Debug|iPhone.ActiveCfg = Debug|Any CPU
		{B7F8A8EE-0C40-4F38-A766-014001764627}.Debug|iPhone.Build.0 = Debug|Any CPU
		{B7F8A8EE-0C40-4F38-A766-014001764627}.Debug|iPhone.Deploy.0 = Debug|Any CPU
		{B7F8A8EE-0C40-4F38-A766-014001764627}.Debug|iPhoneSimulator.ActiveCfg = Debug|Any CPU
		{B7F8A8EE-0C40-4F38-A766-014001764627}.Debug|iPhoneSimulator.Build.0 = Debug|Any CPU
		{B7F8A8EE-0C40-4F38-A766-014001764627}.Debug|iPhoneSimulator.Deploy.0 = Debug|Any CPU
		{B7F8A8EE-0C40-4F38-A766-014001764627}.Debug|x64.ActiveCfg = Debug|Any CPU
		{B7F8A8EE-0C40-4F38-A766-014001764627}.Debug|x64.Build.0 = Debug|Any CPU
		{B7F8A8EE-0C40-4F38-A766-014001764627}.Debug|x64.Deploy.0 = Debug|Any CPU
		{B7F8A8EE-0C40-4F38-A766-014001764627}.Debug|x86.ActiveCfg = Debug|Any CPU
		{B7F8A8EE-0C40-4F38-A766-014001764627}.Debug|x86.Build.0 = Debug|Any CPU
		{B7F8A8EE-0C40-4F38-A766-014001764627}.Debug|x86.Deploy.0 = Debug|Any CPU
		{B7F8A8EE-0C40-4F38-A766-014001764627}.Release|Any CPU.ActiveCfg = Release|Any CPU
		{B7F8A8EE-0C40-4F38-A766-014001764627}.Release|Any CPU.Build.0 = Release|Any CPU
		{B7F8A8EE-0C40-4F38-A766-014001764627}.Release|Any CPU.Deploy.0 = Release|Any CPU
		{B7F8A8EE-0C40-4F38-A766-014001764627}.Release|ARM.ActiveCfg = Release|Any CPU
		{B7F8A8EE-0C40-4F38-A766-014001764627}.Release|ARM.Build.0 = Release|Any CPU
		{B7F8A8EE-0C40-4F38-A766-014001764627}.Release|ARM.Deploy.0 = Release|Any CPU
		{B7F8A8EE-0C40-4F38-A766-014001764627}.Release|iPhone.ActiveCfg = Release|Any CPU
		{B7F8A8EE-0C40-4F38-A766-014001764627}.Release|iPhone.Build.0 = Release|Any CPU
		{B7F8A8EE-0C40-4F38-A766-014001764627}.Release|iPhone.Deploy.0 = Release|Any CPU
		{B7F8A8EE-0C40-4F38-A766-014001764627}.Release|iPhoneSimulator.ActiveCfg = Release|Any CPU
		{B7F8A8EE-0C40-4F38-A766-014001764627}.Release|iPhoneSimulator.Build.0 = Release|Any CPU
		{B7F8A8EE-0C40-4F38-A766-014001764627}.Release|iPhoneSimulator.Deploy.0 = Release|Any CPU
		{B7F8A8EE-0C40-4F38-A766-014001764627}.Release|x64.ActiveCfg = Release|Any CPU
		{B7F8A8EE-0C40-4F38-A766-014001764627}.Release|x64.Build.0 = Release|Any CPU
		{B7F8A8EE-0C40-4F38-A766-014001764627}.Release|x64.Deploy.0 = Release|Any CPU
		{B7F8A8EE-0C40-4F38-A766-014001764627}.Release|x86.ActiveCfg = Release|Any CPU
		{B7F8A8EE-0C40-4F38-A766-014001764627}.Release|x86.Build.0 = Release|Any CPU
		{B7F8A8EE-0C40-4F38-A766-014001764627}.Release|x86.Deploy.0 = Release|Any CPU
		{E175E26F-1908-4A37-A8F8-2EB38B621842}.Debug|Any CPU.ActiveCfg = Debug|iPhone
		{E175E26F-1908-4A37-A8F8-2EB38B621842}.Debug|Any CPU.Build.0 = Debug|iPhone
		{E175E26F-1908-4A37-A8F8-2EB38B621842}.Debug|Any CPU.Deploy.0 = Debug|iPhone
		{E175E26F-1908-4A37-A8F8-2EB38B621842}.Debug|ARM.ActiveCfg = Debug|iPhone
		{E175E26F-1908-4A37-A8F8-2EB38B621842}.Debug|ARM.Build.0 = Debug|iPhone
		{E175E26F-1908-4A37-A8F8-2EB38B621842}.Debug|ARM.Deploy.0 = Debug|iPhone
		{E175E26F-1908-4A37-A8F8-2EB38B621842}.Debug|iPhone.ActiveCfg = Debug|iPhone
		{E175E26F-1908-4A37-A8F8-2EB38B621842}.Debug|iPhone.Build.0 = Debug|iPhone
		{E175E26F-1908-4A37-A8F8-2EB38B621842}.Debug|iPhone.Deploy.0 = Debug|iPhone
		{E175E26F-1908-4A37-A8F8-2EB38B621842}.Debug|iPhoneSimulator.ActiveCfg = Debug|iPhoneSimulator
		{E175E26F-1908-4A37-A8F8-2EB38B621842}.Debug|iPhoneSimulator.Build.0 = Debug|iPhoneSimulator
		{E175E26F-1908-4A37-A8F8-2EB38B621842}.Debug|iPhoneSimulator.Deploy.0 = Debug|iPhoneSimulator
		{E175E26F-1908-4A37-A8F8-2EB38B621842}.Debug|x64.ActiveCfg = Debug|iPhone
		{E175E26F-1908-4A37-A8F8-2EB38B621842}.Debug|x64.Build.0 = Debug|iPhone
		{E175E26F-1908-4A37-A8F8-2EB38B621842}.Debug|x64.Deploy.0 = Debug|iPhone
		{E175E26F-1908-4A37-A8F8-2EB38B621842}.Debug|x86.ActiveCfg = Debug|iPhone
		{E175E26F-1908-4A37-A8F8-2EB38B621842}.Debug|x86.Build.0 = Debug|iPhone
		{E175E26F-1908-4A37-A8F8-2EB38B621842}.Debug|x86.Deploy.0 = Debug|iPhone
		{E175E26F-1908-4A37-A8F8-2EB38B621842}.Release|Any CPU.ActiveCfg = Release|iPhone
		{E175E26F-1908-4A37-A8F8-2EB38B621842}.Release|Any CPU.Build.0 = Release|iPhone
		{E175E26F-1908-4A37-A8F8-2EB38B621842}.Release|Any CPU.Deploy.0 = Release|iPhone
		{E175E26F-1908-4A37-A8F8-2EB38B621842}.Release|ARM.ActiveCfg = Release|iPhone
		{E175E26F-1908-4A37-A8F8-2EB38B621842}.Release|ARM.Build.0 = Release|iPhone
		{E175E26F-1908-4A37-A8F8-2EB38B621842}.Release|ARM.Deploy.0 = Release|iPhone
		{E175E26F-1908-4A37-A8F8-2EB38B621842}.Release|iPhone.ActiveCfg = Release|iPhone
		{E175E26F-1908-4A37-A8F8-2EB38B621842}.Release|iPhone.Build.0 = Release|iPhone
		{E175E26F-1908-4A37-A8F8-2EB38B621842}.Release|iPhone.Deploy.0 = Release|iPhone
		{E175E26F-1908-4A37-A8F8-2EB38B621842}.Release|iPhoneSimulator.ActiveCfg = Release|iPhoneSimulator
		{E175E26F-1908-4A37-A8F8-2EB38B621842}.Release|iPhoneSimulator.Build.0 = Release|iPhoneSimulator
		{E175E26F-1908-4A37-A8F8-2EB38B621842}.Release|iPhoneSimulator.Deploy.0 = Release|iPhoneSimulator
		{E175E26F-1908-4A37-A8F8-2EB38B621842}.Release|x64.ActiveCfg = Release|iPhone
		{E175E26F-1908-4A37-A8F8-2EB38B621842}.Release|x64.Build.0 = Release|iPhone
		{E175E26F-1908-4A37-A8F8-2EB38B621842}.Release|x64.Deploy.0 = Release|iPhone
		{E175E26F-1908-4A37-A8F8-2EB38B621842}.Release|x86.ActiveCfg = Release|iPhone
		{E175E26F-1908-4A37-A8F8-2EB38B621842}.Release|x86.Build.0 = Release|iPhone
		{E175E26F-1908-4A37-A8F8-2EB38B621842}.Release|x86.Deploy.0 = Release|iPhone
		{C93432A5-2885-444E-A84A-E86FDDF5F6E1}.Debug|Any CPU.ActiveCfg = Debug|Any CPU
		{C93432A5-2885-444E-A84A-E86FDDF5F6E1}.Debug|Any CPU.Build.0 = Debug|Any CPU
		{C93432A5-2885-444E-A84A-E86FDDF5F6E1}.Debug|Any CPU.Deploy.0 = Debug|Any CPU
		{C93432A5-2885-444E-A84A-E86FDDF5F6E1}.Debug|ARM.ActiveCfg = Debug|Any CPU
		{C93432A5-2885-444E-A84A-E86FDDF5F6E1}.Debug|ARM.Build.0 = Debug|Any CPU
		{C93432A5-2885-444E-A84A-E86FDDF5F6E1}.Debug|ARM.Deploy.0 = Debug|Any CPU
		{C93432A5-2885-444E-A84A-E86FDDF5F6E1}.Debug|iPhone.ActiveCfg = Debug|Any CPU
		{C93432A5-2885-444E-A84A-E86FDDF5F6E1}.Debug|iPhone.Build.0 = Debug|Any CPU
		{C93432A5-2885-444E-A84A-E86FDDF5F6E1}.Debug|iPhone.Deploy.0 = Debug|Any CPU
		{C93432A5-2885-444E-A84A-E86FDDF5F6E1}.Debug|iPhoneSimulator.ActiveCfg = Debug|Any CPU
		{C93432A5-2885-444E-A84A-E86FDDF5F6E1}.Debug|iPhoneSimulator.Build.0 = Debug|Any CPU
		{C93432A5-2885-444E-A84A-E86FDDF5F6E1}.Debug|iPhoneSimulator.Deploy.0 = Debug|Any CPU
		{C93432A5-2885-444E-A84A-E86FDDF5F6E1}.Debug|x64.ActiveCfg = Debug|Any CPU
		{C93432A5-2885-444E-A84A-E86FDDF5F6E1}.Debug|x64.Build.0 = Debug|Any CPU
		{C93432A5-2885-444E-A84A-E86FDDF5F6E1}.Debug|x64.Deploy.0 = Debug|Any CPU
		{C93432A5-2885-444E-A84A-E86FDDF5F6E1}.Debug|x86.ActiveCfg = Debug|Any CPU
		{C93432A5-2885-444E-A84A-E86FDDF5F6E1}.Debug|x86.Build.0 = Debug|Any CPU
		{C93432A5-2885-444E-A84A-E86FDDF5F6E1}.Debug|x86.Deploy.0 = Debug|Any CPU
		{C93432A5-2885-444E-A84A-E86FDDF5F6E1}.Release|Any CPU.ActiveCfg = Release|Any CPU
		{C93432A5-2885-444E-A84A-E86FDDF5F6E1}.Release|Any CPU.Build.0 = Release|Any CPU
		{C93432A5-2885-444E-A84A-E86FDDF5F6E1}.Release|Any CPU.Deploy.0 = Release|Any CPU
		{C93432A5-2885-444E-A84A-E86FDDF5F6E1}.Release|ARM.ActiveCfg = Release|Any CPU
		{C93432A5-2885-444E-A84A-E86FDDF5F6E1}.Release|ARM.Build.0 = Release|Any CPU
		{C93432A5-2885-444E-A84A-E86FDDF5F6E1}.Release|ARM.Deploy.0 = Release|Any CPU
		{C93432A5-2885-444E-A84A-E86FDDF5F6E1}.Release|iPhone.ActiveCfg = Release|Any CPU
		{C93432A5-2885-444E-A84A-E86FDDF5F6E1}.Release|iPhone.Build.0 = Release|Any CPU
		{C93432A5-2885-444E-A84A-E86FDDF5F6E1}.Release|iPhone.Deploy.0 = Release|Any CPU
		{C93432A5-2885-444E-A84A-E86FDDF5F6E1}.Release|iPhoneSimulator.ActiveCfg = Release|Any CPU
		{C93432A5-2885-444E-A84A-E86FDDF5F6E1}.Release|iPhoneSimulator.Build.0 = Release|Any CPU
		{C93432A5-2885-444E-A84A-E86FDDF5F6E1}.Release|iPhoneSimulator.Deploy.0 = Release|Any CPU
		{C93432A5-2885-444E-A84A-E86FDDF5F6E1}.Release|x64.ActiveCfg = Release|Any CPU
		{C93432A5-2885-444E-A84A-E86FDDF5F6E1}.Release|x64.Build.0 = Release|Any CPU
		{C93432A5-2885-444E-A84A-E86FDDF5F6E1}.Release|x64.Deploy.0 = Release|Any CPU
		{C93432A5-2885-444E-A84A-E86FDDF5F6E1}.Release|x86.ActiveCfg = Release|Any CPU
		{C93432A5-2885-444E-A84A-E86FDDF5F6E1}.Release|x86.Build.0 = Release|Any CPU
		{C93432A5-2885-444E-A84A-E86FDDF5F6E1}.Release|x86.Deploy.0 = Release|Any CPU
	EndGlobalSection
	GlobalSection(SolutionProperties) = preSolution
		HideSolutionNode = FALSE
	EndGlobalSection
	GlobalSection(ExtensibilityGlobals) = postSolution
		SolutionGuid = {9D3DF7E2-2A40-4EE6-8B91-C8873400B99C}
	EndGlobalSection
EndGlobal
