
Microsoft Visual Studio Solution File, Format Version 12.00
# Visual Studio Version 16
VisualStudioVersion = 16.0.29806.167
MinimumVisualStudioVersion = 10.0.40219.1
Project("{FAE04EC0-301F-11D3-BF4B-00C04F79EFBC}") = "LightBright.UWP", "LightBright\LightBright.UWP\LightBright.UWP.csproj", "{867629B7-A4A7-40E4-824A-68EFC27354EC}"
EndProject
Project("{FAE04EC0-301F-11D3-BF4B-00C04F79EFBC}") = "LightBright.Android", "LightBright\LightBright.Android\LightBright.Android.csproj", "{CAD2891C-59A3-44DB-8002-A755D00EC403}"
EndProject
Project("{FAE04EC0-301F-11D3-BF4B-00C04F79EFBC}") = "LightBright.iOS", "LightBright\LightBright.iOS\LightBright.iOS.csproj", "{FE557B1F-3344-49B3-94D7-B739EE49EA8B}"
EndProject
Project("{FAE04EC0-301F-11D3-BF4B-00C04F79EFBC}") = "LightBright", "LightBright\LightBright\LightBright.csproj", "{36F2E741-A095-4267-879C-328108671F9E}"
EndProject
Global
	GlobalSection(SolutionConfigurationPlatforms) = preSolution
		Debug|Any CPU = Debug|Any CPU
		Debug|ARM = Debug|ARM
		Debug|iPhone = Debug|iPhone
		Debug|iPhoneSimulator = Debug|iPhoneSimulator
		Debug|x64 = Debug|x64
		Debug|x86 = Debug|x86
		Release|Any CPU = Release|Any CPU
		Release|ARM = Release|ARM
		Release|iPhone = Release|iPhone
		Release|iPhoneSimulator = Release|iPhoneSimulator
		Release|x64 = Release|x64
		Release|x86 = Release|x86
	EndGlobalSection
	GlobalSection(ProjectConfigurationPlatforms) = postSolution
		{867629B7-A4A7-40E4-824A-68EFC27354EC}.Debug|Any CPU.ActiveCfg = Debug|x86
		{867629B7-A4A7-40E4-824A-68EFC27354EC}.Debug|Any CPU.Build.0 = Debug|x86
		{867629B7-A4A7-40E4-824A-68EFC27354EC}.Debug|Any CPU.Deploy.0 = Debug|x86
		{867629B7-A4A7-40E4-824A-68EFC27354EC}.Debug|ARM.ActiveCfg = Debug|ARM
		{867629B7-A4A7-40E4-824A-68EFC27354EC}.Debug|ARM.Build.0 = Debug|ARM
		{867629B7-A4A7-40E4-824A-68EFC27354EC}.Debug|ARM.Deploy.0 = Debug|ARM
		{867629B7-A4A7-40E4-824A-68EFC27354EC}.Debug|iPhone.ActiveCfg = Debug|x86
		{867629B7-A4A7-40E4-824A-68EFC27354EC}.Debug|iPhone.Build.0 = Debug|x86
		{867629B7-A4A7-40E4-824A-68EFC27354EC}.Debug|iPhone.Deploy.0 = Debug|x86
		{867629B7-A4A7-40E4-824A-68EFC27354EC}.Debug|iPhoneSimulator.ActiveCfg = Debug|x86
		{867629B7-A4A7-40E4-824A-68EFC27354EC}.Debug|iPhoneSimulator.Build.0 = Debug|x86
		{867629B7-A4A7-40E4-824A-68EFC27354EC}.Debug|iPhoneSimulator.Deploy.0 = Debug|x86
		{867629B7-A4A7-40E4-824A-68EFC27354EC}.Debug|x64.ActiveCfg = Debug|x64
		{867629B7-A4A7-40E4-824A-68EFC27354EC}.Debug|x64.Build.0 = Debug|x64
		{867629B7-A4A7-40E4-824A-68EFC27354EC}.Debug|x64.Deploy.0 = Debug|x64
		{867629B7-A4A7-40E4-824A-68EFC27354EC}.Debug|x86.ActiveCfg = Debug|x86
		{867629B7-A4A7-40E4-824A-68EFC27354EC}.Debug|x86.Build.0 = Debug|x86
		{867629B7-A4A7-40E4-824A-68EFC27354EC}.Debug|x86.Deploy.0 = Debug|x86
		{867629B7-A4A7-40E4-824A-68EFC27354EC}.Release|Any CPU.ActiveCfg = Release|x86
		{867629B7-A4A7-40E4-824A-68EFC27354EC}.Release|Any CPU.Build.0 = Release|x86
		{867629B7-A4A7-40E4-824A-68EFC27354EC}.Release|Any CPU.Deploy.0 = Release|x86
		{867629B7-A4A7-40E4-824A-68EFC27354EC}.Release|ARM.ActiveCfg = Release|ARM
		{867629B7-A4A7-40E4-824A-68EFC27354EC}.Release|ARM.Build.0 = Release|ARM
		{867629B7-A4A7-40E4-824A-68EFC27354EC}.Release|ARM.Deploy.0 = Release|ARM
		{867629B7-A4A7-40E4-824A-68EFC27354EC}.Release|iPhone.ActiveCfg = Release|x86
		{867629B7-A4A7-40E4-824A-68EFC27354EC}.Release|iPhone.Build.0 = Release|x86
		{867629B7-A4A7-40E4-824A-68EFC27354EC}.Release|iPhone.Deploy.0 = Release|x86
		{867629B7-A4A7-40E4-824A-68EFC27354EC}.Release|iPhoneSimulator.ActiveCfg = Release|x86
		{867629B7-A4A7-40E4-824A-68EFC27354EC}.Release|iPhoneSimulator.Build.0 = Release|x86
		{867629B7-A4A7-40E4-824A-68EFC27354EC}.Release|iPhoneSimulator.Deploy.0 = Release|x86
		{867629B7-A4A7-40E4-824A-68EFC27354EC}.Release|x64.ActiveCfg = Release|x64
		{867629B7-A4A7-40E4-824A-68EFC27354EC}.Release|x64.Build.0 = Release|x64
		{867629B7-A4A7-40E4-824A-68EFC27354EC}.Release|x64.Deploy.0 = Release|x64
		{867629B7-A4A7-40E4-824A-68EFC27354EC}.Release|x86.ActiveCfg = Release|x86
		{867629B7-A4A7-40E4-824A-68EFC27354EC}.Release|x86.Build.0 = Release|x86
		{867629B7-A4A7-40E4-824A-68EFC27354EC}.Release|x86.Deploy.0 = Release|x86
		{CAD2891C-59A3-44DB-8002-A755D00EC403}.Debug|Any CPU.ActiveCfg = Debug|Any CPU
		{CAD2891C-59A3-44DB-8002-A755D00EC403}.Debug|Any CPU.Build.0 = Debug|Any CPU
		{CAD2891C-59A3-44DB-8002-A755D00EC403}.Debug|Any CPU.Deploy.0 = Debug|Any CPU
		{CAD2891C-59A3-44DB-8002-A755D00EC403}.Debug|ARM.ActiveCfg = Debug|Any CPU
		{CAD2891C-59A3-44DB-8002-A755D00EC403}.Debug|ARM.Build.0 = Debug|Any CPU
		{CAD2891C-59A3-44DB-8002-A755D00EC403}.Debug|ARM.Deploy.0 = Debug|Any CPU
		{CAD2891C-59A3-44DB-8002-A755D00EC403}.Debug|iPhone.ActiveCfg = Debug|Any CPU
		{CAD2891C-59A3-44DB-8002-A755D00EC403}.Debug|iPhone.Build.0 = Debug|Any CPU
		{CAD2891C-59A3-44DB-8002-A755D00EC403}.Debug|iPhone.Deploy.0 = Debug|Any CPU
		{CAD2891C-59A3-44DB-8002-A755D00EC403}.Debug|iPhoneSimulator.ActiveCfg = Debug|Any CPU
		{CAD2891C-59A3-44DB-8002-A755D00EC403}.Debug|iPhoneSimulator.Build.0 = Debug|Any CPU
		{CAD2891C-59A3-44DB-8002-A755D00EC403}.Debug|iPhoneSimulator.Deploy.0 = Debug|Any CPU
		{CAD2891C-59A3-44DB-8002-A755D00EC403}.Debug|x64.ActiveCfg = Debug|Any CPU
		{CAD2891C-59A3-44DB-8002-A755D00EC403}.Debug|x64.Build.0 = Debug|Any CPU
		{CAD2891C-59A3-44DB-8002-A755D00EC403}.Debug|x64.Deploy.0 = Debug|Any CPU
		{CAD2891C-59A3-44DB-8002-A755D00EC403}.Debug|x86.ActiveCfg = Debug|Any CPU
		{CAD2891C-59A3-44DB-8002-A755D00EC403}.Debug|x86.Build.0 = Debug|Any CPU
		{CAD2891C-59A3-44DB-8002-A755D00EC403}.Debug|x86.Deploy.0 = Debug|Any CPU
		{CAD2891C-59A3-44DB-8002-A755D00EC403}.Release|Any CPU.ActiveCfg = Release|Any CPU
		{CAD2891C-59A3-44DB-8002-A755D00EC403}.Release|Any CPU.Build.0 = Release|Any CPU
		{CAD2891C-59A3-44DB-8002-A755D00EC403}.Release|Any CPU.Deploy.0 = Release|Any CPU
		{CAD2891C-59A3-44DB-8002-A755D00EC403}.Release|ARM.ActiveCfg = Release|Any CPU
		{CAD2891C-59A3-44DB-8002-A755D00EC403}.Release|ARM.Build.0 = Release|Any CPU
		{CAD2891C-59A3-44DB-8002-A755D00EC403}.Release|ARM.Deploy.0 = Release|Any CPU
		{CAD2891C-59A3-44DB-8002-A755D00EC403}.Release|iPhone.ActiveCfg = Release|Any CPU
		{CAD2891C-59A3-44DB-8002-A755D00EC403}.Release|iPhone.Build.0 = Release|Any CPU
		{CAD2891C-59A3-44DB-8002-A755D00EC403}.Release|iPhone.Deploy.0 = Release|Any CPU
		{CAD2891C-59A3-44DB-8002-A755D00EC403}.Release|iPhoneSimulator.ActiveCfg = Release|Any CPU
		{CAD2891C-59A3-44DB-8002-A755D00EC403}.Release|iPhoneSimulator.Build.0 = Release|Any CPU
		{CAD2891C-59A3-44DB-8002-A755D00EC403}.Release|iPhoneSimulator.Deploy.0 = Release|Any CPU
		{CAD2891C-59A3-44DB-8002-A755D00EC403}.Release|x64.ActiveCfg = Release|Any CPU
		{CAD2891C-59A3-44DB-8002-A755D00EC403}.Release|x64.Build.0 = Release|Any CPU
		{CAD2891C-59A3-44DB-8002-A755D00EC403}.Release|x64.Deploy.0 = Release|Any CPU
		{CAD2891C-59A3-44DB-8002-A755D00EC403}.Release|x86.ActiveCfg = Release|Any CPU
		{CAD2891C-59A3-44DB-8002-A755D00EC403}.Release|x86.Build.0 = Release|Any CPU
		{CAD2891C-59A3-44DB-8002-A755D00EC403}.Release|x86.Deploy.0 = Release|Any CPU
		{FE557B1F-3344-49B3-94D7-B739EE49EA8B}.Debug|Any CPU.ActiveCfg = Debug|iPhone
		{FE557B1F-3344-49B3-94D7-B739EE49EA8B}.Debug|Any CPU.Build.0 = Debug|iPhone
		{FE557B1F-3344-49B3-94D7-B739EE49EA8B}.Debug|Any CPU.Deploy.0 = Debug|iPhone
		{FE557B1F-3344-49B3-94D7-B739EE49EA8B}.Debug|ARM.ActiveCfg = Debug|iPhoneSimulator
		{FE557B1F-3344-49B3-94D7-B739EE49EA8B}.Debug|ARM.Build.0 = Debug|iPhoneSimulator
		{FE557B1F-3344-49B3-94D7-B739EE49EA8B}.Debug|ARM.Deploy.0 = Debug|iPhoneSimulator
		{FE557B1F-3344-49B3-94D7-B739EE49EA8B}.Debug|iPhone.ActiveCfg = Debug|iPhone
		{FE557B1F-3344-49B3-94D7-B739EE49EA8B}.Debug|iPhone.Build.0 = Debug|iPhone
		{FE557B1F-3344-49B3-94D7-B739EE49EA8B}.Debug|iPhone.Deploy.0 = Debug|iPhone
		{FE557B1F-3344-49B3-94D7-B739EE49EA8B}.Debug|iPhoneSimulator.ActiveCfg = Debug|iPhoneSimulator
		{FE557B1F-3344-49B3-94D7-B739EE49EA8B}.Debug|iPhoneSimulator.Build.0 = Debug|iPhoneSimulator
		{FE557B1F-3344-49B3-94D7-B739EE49EA8B}.Debug|iPhoneSimulator.Deploy.0 = Debug|iPhoneSimulator
		{FE557B1F-3344-49B3-94D7-B739EE49EA8B}.Debug|x64.ActiveCfg = Debug|iPhone
		{FE557B1F-3344-49B3-94D7-B739EE49EA8B}.Debug|x64.Build.0 = Debug|iPhone
		{FE557B1F-3344-49B3-94D7-B739EE49EA8B}.Debug|x64.Deploy.0 = Debug|iPhone
		{FE557B1F-3344-49B3-94D7-B739EE49EA8B}.Debug|x86.ActiveCfg = Debug|iPhone
		{FE557B1F-3344-49B3-94D7-B739EE49EA8B}.Debug|x86.Build.0 = Debug|iPhone
		{FE557B1F-3344-49B3-94D7-B739EE49EA8B}.Debug|x86.Deploy.0 = Debug|iPhone
		{FE557B1F-3344-49B3-94D7-B739EE49EA8B}.Release|Any CPU.ActiveCfg = Release|iPhone
		{FE557B1F-3344-49B3-94D7-B739EE49EA8B}.Release|Any CPU.Build.0 = Release|iPhone
		{FE557B1F-3344-49B3-94D7-B739EE49EA8B}.Release|Any CPU.Deploy.0 = Release|iPhone
		{FE557B1F-3344-49B3-94D7-B739EE49EA8B}.Release|ARM.ActiveCfg = Release|iPhone
		{FE557B1F-3344-49B3-94D7-B739EE49EA8B}.Release|ARM.Build.0 = Release|iPhone
		{FE557B1F-3344-49B3-94D7-B739EE49EA8B}.Release|ARM.Deploy.0 = Release|iPhone
		{FE557B1F-3344-49B3-94D7-B739EE49EA8B}.Release|iPhone.ActiveCfg = Release|iPhone
		{FE557B1F-3344-49B3-94D7-B739EE49EA8B}.Release|iPhone.Build.0 = Release|iPhone
		{FE557B1F-3344-49B3-94D7-B739EE49EA8B}.Release|iPhone.Deploy.0 = Release|iPhone
		{FE557B1F-3344-49B3-94D7-B739EE49EA8B}.Release|iPhoneSimulator.ActiveCfg = Release|iPhoneSimulator
		{FE557B1F-3344-49B3-94D7-B739EE49EA8B}.Release|iPhoneSimulator.Build.0 = Release|iPhoneSimulator
		{FE557B1F-3344-49B3-94D7-B739EE49EA8B}.Release|iPhoneSimulator.Deploy.0 = Release|iPhoneSimulator
		{FE557B1F-3344-49B3-94D7-B739EE49EA8B}.Release|x64.ActiveCfg = Release|iPhone
		{FE557B1F-3344-49B3-94D7-B739EE49EA8B}.Release|x64.Build.0 = Release|iPhone
		{FE557B1F-3344-49B3-94D7-B739EE49EA8B}.Release|x64.Deploy.0 = Release|iPhone
		{FE557B1F-3344-49B3-94D7-B739EE49EA8B}.Release|x86.ActiveCfg = Release|iPhone
		{FE557B1F-3344-49B3-94D7-B739EE49EA8B}.Release|x86.Build.0 = Release|iPhone
		{FE557B1F-3344-49B3-94D7-B739EE49EA8B}.Release|x86.Deploy.0 = Release|iPhone
		{36F2E741-A095-4267-879C-328108671F9E}.Debug|Any CPU.ActiveCfg = Debug|Any CPU
		{36F2E741-A095-4267-879C-328108671F9E}.Debug|Any CPU.Build.0 = Debug|Any CPU
		{36F2E741-A095-4267-879C-328108671F9E}.Debug|Any CPU.Deploy.0 = Debug|Any CPU
		{36F2E741-A095-4267-879C-328108671F9E}.Debug|ARM.ActiveCfg = Debug|Any CPU
		{36F2E741-A095-4267-879C-328108671F9E}.Debug|ARM.Build.0 = Debug|Any CPU
		{36F2E741-A095-4267-879C-328108671F9E}.Debug|ARM.Deploy.0 = Debug|Any CPU
		{36F2E741-A095-4267-879C-328108671F9E}.Debug|iPhone.ActiveCfg = Debug|Any CPU
		{36F2E741-A095-4267-879C-328108671F9E}.Debug|iPhone.Build.0 = Debug|Any CPU
		{36F2E741-A095-4267-879C-328108671F9E}.Debug|iPhone.Deploy.0 = Debug|Any CPU
		{36F2E741-A095-4267-879C-328108671F9E}.Debug|iPhoneSimulator.ActiveCfg = Debug|Any CPU
		{36F2E741-A095-4267-879C-328108671F9E}.Debug|iPhoneSimulator.Build.0 = Debug|Any CPU
		{36F2E741-A095-4267-879C-328108671F9E}.Debug|iPhoneSimulator.Deploy.0 = Debug|Any CPU
		{36F2E741-A095-4267-879C-328108671F9E}.Debug|x64.ActiveCfg = Debug|Any CPU
		{36F2E741-A095-4267-879C-328108671F9E}.Debug|x64.Build.0 = Debug|Any CPU
		{36F2E741-A095-4267-879C-328108671F9E}.Debug|x64.Deploy.0 = Debug|Any CPU
		{36F2E741-A095-4267-879C-328108671F9E}.Debug|x86.ActiveCfg = Debug|Any CPU
		{36F2E741-A095-4267-879C-328108671F9E}.Debug|x86.Build.0 = Debug|Any CPU
		{36F2E741-A095-4267-879C-328108671F9E}.Debug|x86.Deploy.0 = Debug|Any CPU
		{36F2E741-A095-4267-879C-328108671F9E}.Release|Any CPU.ActiveCfg = Release|Any CPU
		{36F2E741-A095-4267-879C-328108671F9E}.Release|Any CPU.Build.0 = Release|Any CPU
		{36F2E741-A095-4267-879C-328108671F9E}.Release|Any CPU.Deploy.0 = Release|Any CPU
		{36F2E741-A095-4267-879C-328108671F9E}.Release|ARM.ActiveCfg = Release|Any CPU
		{36F2E741-A095-4267-879C-328108671F9E}.Release|ARM.Build.0 = Release|Any CPU
		{36F2E741-A095-4267-879C-328108671F9E}.Release|ARM.Deploy.0 = Release|Any CPU
		{36F2E741-A095-4267-879C-328108671F9E}.Release|iPhone.ActiveCfg = Release|Any CPU
		{36F2E741-A095-4267-879C-328108671F9E}.Release|iPhone.Build.0 = Release|Any CPU
		{36F2E741-A095-4267-879C-328108671F9E}.Release|iPhone.Deploy.0 = Release|Any CPU
		{36F2E741-A095-4267-879C-328108671F9E}.Release|iPhoneSimulator.ActiveCfg = Release|Any CPU
		{36F2E741-A095-4267-879C-328108671F9E}.Release|iPhoneSimulator.Build.0 = Release|Any CPU
		{36F2E741-A095-4267-879C-328108671F9E}.Release|iPhoneSimulator.Deploy.0 = Release|Any CPU
		{36F2E741-A095-4267-879C-328108671F9E}.Release|x64.ActiveCfg = Release|Any CPU
		{36F2E741-A095-4267-879C-328108671F9E}.Release|x64.Build.0 = Release|Any CPU
		{36F2E741-A095-4267-879C-328108671F9E}.Release|x64.Deploy.0 = Release|Any CPU
		{36F2E741-A095-4267-879C-328108671F9E}.Release|x86.ActiveCfg = Release|Any CPU
		{36F2E741-A095-4267-879C-328108671F9E}.Release|x86.Build.0 = Release|Any CPU
		{36F2E741-A095-4267-879C-328108671F9E}.Release|x86.Deploy.0 = Release|Any CPU
	EndGlobalSection
	GlobalSection(SolutionProperties) = preSolution
		HideSolutionNode = FALSE
	EndGlobalSection
	GlobalSection(ExtensibilityGlobals) = postSolution
		SolutionGuid = {1F0A74D2-083A-4BDB-A8D3-B97224CF06DE}
	EndGlobalSection
EndGlobal
