
Microsoft Visual Studio Solution File, Format Version 12.00
# Visual Studio Version 16
VisualStudioVersion = 16.0.29926.136
MinimumVisualStudioVersion = 10.0.40219.1
Project("{FAE04EC0-301F-11D3-BF4B-00C04F79EFBC}") = "TaskDelayClock.UWP", "TaskDelayClock\TaskDelayClock.UWP\TaskDelayClock.UWP.csproj", "{246F4D2D-7142-4DAA-9565-EBEFD9CA49AF}"
EndProject
Project("{FAE04EC0-301F-11D3-BF4B-00C04F79EFBC}") = "TaskDelayClock.Android", "TaskDelayClock\TaskDelayClock.Android\TaskDelayClock.Android.csproj", "{FDDC8804-5CDF-45B1-B2BC-07FBC6F2A95A}"
EndProject
Project("{FAE04EC0-301F-11D3-BF4B-00C04F79EFBC}") = "TaskDelayClock.iOS", "TaskDelayClock\TaskDelayClock.iOS\TaskDelayClock.iOS.csproj", "{3D39D23B-0A88-4C0E-9C81-1CBDA26FFF0F}"
EndProject
Project("{FAE04EC0-301F-11D3-BF4B-00C04F79EFBC}") = "TaskDelayClock", "TaskDelayClock\TaskDelayClock\TaskDelayClock.csproj", "{E2B9FF6C-173C-4D5E-8FB9-515B94DC03F6}"
EndProject
Global
	GlobalSection(SolutionConfigurationPlatforms) = preSolution
		Debug|Any CPU = Debug|Any CPU
		Debug|ARM = Debug|ARM
		Debug|iPhone = Debug|iPhone
		Debug|iPhoneSimulator = Debug|iPhoneSimulator
		Debug|x64 = Debug|x64
		Debug|x86 = Debug|x86
		Release|Any CPU = Release|Any CPU
		Release|ARM = Release|ARM
		Release|iPhone = Release|iPhone
		Release|iPhoneSimulator = Release|iPhoneSimulator
		Release|x64 = Release|x64
		Release|x86 = Release|x86
	EndGlobalSection
	GlobalSection(ProjectConfigurationPlatforms) = postSolution
		{246F4D2D-7142-4DAA-9565-EBEFD9CA49AF}.Debug|Any CPU.ActiveCfg = Debug|x86
		{246F4D2D-7142-4DAA-9565-EBEFD9CA49AF}.Debug|Any CPU.Build.0 = Debug|x86
		{246F4D2D-7142-4DAA-9565-EBEFD9CA49AF}.Debug|Any CPU.Deploy.0 = Debug|x86
		{246F4D2D-7142-4DAA-9565-EBEFD9CA49AF}.Debug|ARM.ActiveCfg = Debug|ARM
		{246F4D2D-7142-4DAA-9565-EBEFD9CA49AF}.Debug|ARM.Build.0 = Debug|ARM
		{246F4D2D-7142-4DAA-9565-EBEFD9CA49AF}.Debug|ARM.Deploy.0 = Debug|ARM
		{246F4D2D-7142-4DAA-9565-EBEFD9CA49AF}.Debug|iPhone.ActiveCfg = Debug|x86
		{246F4D2D-7142-4DAA-9565-EBEFD9CA49AF}.Debug|iPhone.Build.0 = Debug|x86
		{246F4D2D-7142-4DAA-9565-EBEFD9CA49AF}.Debug|iPhone.Deploy.0 = Debug|x86
		{246F4D2D-7142-4DAA-9565-EBEFD9CA49AF}.Debug|iPhoneSimulator.ActiveCfg = Debug|x86
		{246F4D2D-7142-4DAA-9565-EBEFD9CA49AF}.Debug|iPhoneSimulator.Build.0 = Debug|x86
		{246F4D2D-7142-4DAA-9565-EBEFD9CA49AF}.Debug|iPhoneSimulator.Deploy.0 = Debug|x86
		{246F4D2D-7142-4DAA-9565-EBEFD9CA49AF}.Debug|x64.ActiveCfg = Debug|x64
		{246F4D2D-7142-4DAA-9565-EBEFD9CA49AF}.Debug|x64.Build.0 = Debug|x64
		{246F4D2D-7142-4DAA-9565-EBEFD9CA49AF}.Debug|x64.Deploy.0 = Debug|x64
		{246F4D2D-7142-4DAA-9565-EBEFD9CA49AF}.Debug|x86.ActiveCfg = Debug|x86
		{246F4D2D-7142-4DAA-9565-EBEFD9CA49AF}.Debug|x86.Build.0 = Debug|x86
		{246F4D2D-7142-4DAA-9565-EBEFD9CA49AF}.Debug|x86.Deploy.0 = Debug|x86
		{246F4D2D-7142-4DAA-9565-EBEFD9CA49AF}.Release|Any CPU.ActiveCfg = Release|x86
		{246F4D2D-7142-4DAA-9565-EBEFD9CA49AF}.Release|Any CPU.Build.0 = Release|x86
		{246F4D2D-7142-4DAA-9565-EBEFD9CA49AF}.Release|Any CPU.Deploy.0 = Release|x86
		{246F4D2D-7142-4DAA-9565-EBEFD9CA49AF}.Release|ARM.ActiveCfg = Release|ARM
		{246F4D2D-7142-4DAA-9565-EBEFD9CA49AF}.Release|ARM.Build.0 = Release|ARM
		{246F4D2D-7142-4DAA-9565-EBEFD9CA49AF}.Release|ARM.Deploy.0 = Release|ARM
		{246F4D2D-7142-4DAA-9565-EBEFD9CA49AF}.Release|iPhone.ActiveCfg = Release|x86
		{246F4D2D-7142-4DAA-9565-EBEFD9CA49AF}.Release|iPhone.Build.0 = Release|x86
		{246F4D2D-7142-4DAA-9565-EBEFD9CA49AF}.Release|iPhone.Deploy.0 = Release|x86
		{246F4D2D-7142-4DAA-9565-EBEFD9CA49AF}.Release|iPhoneSimulator.ActiveCfg = Release|x86
		{246F4D2D-7142-4DAA-9565-EBEFD9CA49AF}.Release|iPhoneSimulator.Build.0 = Release|x86
		{246F4D2D-7142-4DAA-9565-EBEFD9CA49AF}.Release|iPhoneSimulator.Deploy.0 = Release|x86
		{246F4D2D-7142-4DAA-9565-EBEFD9CA49AF}.Release|x64.ActiveCfg = Release|x64
		{246F4D2D-7142-4DAA-9565-EBEFD9CA49AF}.Release|x64.Build.0 = Release|x64
		{246F4D2D-7142-4DAA-9565-EBEFD9CA49AF}.Release|x64.Deploy.0 = Release|x64
		{246F4D2D-7142-4DAA-9565-EBEFD9CA49AF}.Release|x86.ActiveCfg = Release|x86
		{246F4D2D-7142-4DAA-9565-EBEFD9CA49AF}.Release|x86.Build.0 = Release|x86
		{246F4D2D-7142-4DAA-9565-EBEFD9CA49AF}.Release|x86.Deploy.0 = Release|x86
		{FDDC8804-5CDF-45B1-B2BC-07FBC6F2A95A}.Debug|Any CPU.ActiveCfg = Debug|Any CPU
		{FDDC8804-5CDF-45B1-B2BC-07FBC6F2A95A}.Debug|Any CPU.Build.0 = Debug|Any CPU
		{FDDC8804-5CDF-45B1-B2BC-07FBC6F2A95A}.Debug|Any CPU.Deploy.0 = Debug|Any CPU
		{FDDC8804-5CDF-45B1-B2BC-07FBC6F2A95A}.Debug|ARM.ActiveCfg = Debug|Any CPU
		{FDDC8804-5CDF-45B1-B2BC-07FBC6F2A95A}.Debug|ARM.Build.0 = Debug|Any CPU
		{FDDC8804-5CDF-45B1-B2BC-07FBC6F2A95A}.Debug|ARM.Deploy.0 = Debug|Any CPU
		{FDDC8804-5CDF-45B1-B2BC-07FBC6F2A95A}.Debug|iPhone.ActiveCfg = Debug|Any CPU
		{FDDC8804-5CDF-45B1-B2BC-07FBC6F2A95A}.Debug|iPhone.Build.0 = Debug|Any CPU
		{FDDC8804-5CDF-45B1-B2BC-07FBC6F2A95A}.Debug|iPhone.Deploy.0 = Debug|Any CPU
		{FDDC8804-5CDF-45B1-B2BC-07FBC6F2A95A}.Debug|iPhoneSimulator.ActiveCfg = Debug|Any CPU
		{FDDC8804-5CDF-45B1-B2BC-07FBC6F2A95A}.Debug|iPhoneSimulator.Build.0 = Debug|Any CPU
		{FDDC8804-5CDF-45B1-B2BC-07FBC6F2A95A}.Debug|iPhoneSimulator.Deploy.0 = Debug|Any CPU
		{FDDC8804-5CDF-45B1-B2BC-07FBC6F2A95A}.Debug|x64.ActiveCfg = Debug|Any CPU
		{FDDC8804-5CDF-45B1-B2BC-07FBC6F2A95A}.Debug|x64.Build.0 = Debug|Any CPU
		{FDDC8804-5CDF-45B1-B2BC-07FBC6F2A95A}.Debug|x64.Deploy.0 = Debug|Any CPU
		{FDDC8804-5CDF-45B1-B2BC-07FBC6F2A95A}.Debug|x86.ActiveCfg = Debug|Any CPU
		{FDDC8804-5CDF-45B1-B2BC-07FBC6F2A95A}.Debug|x86.Build.0 = Debug|Any CPU
		{FDDC8804-5CDF-45B1-B2BC-07FBC6F2A95A}.Debug|x86.Deploy.0 = Debug|Any CPU
		{FDDC8804-5CDF-45B1-B2BC-07FBC6F2A95A}.Release|Any CPU.ActiveCfg = Release|Any CPU
		{FDDC8804-5CDF-45B1-B2BC-07FBC6F2A95A}.Release|Any CPU.Build.0 = Release|Any CPU
		{FDDC8804-5CDF-45B1-B2BC-07FBC6F2A95A}.Release|Any CPU.Deploy.0 = Release|Any CPU
		{FDDC8804-5CDF-45B1-B2BC-07FBC6F2A95A}.Release|ARM.ActiveCfg = Release|Any CPU
		{FDDC8804-5CDF-45B1-B2BC-07FBC6F2A95A}.Release|ARM.Build.0 = Release|Any CPU
		{FDDC8804-5CDF-45B1-B2BC-07FBC6F2A95A}.Release|ARM.Deploy.0 = Release|Any CPU
		{FDDC8804-5CDF-45B1-B2BC-07FBC6F2A95A}.Release|iPhone.ActiveCfg = Release|Any CPU
		{FDDC8804-5CDF-45B1-B2BC-07FBC6F2A95A}.Release|iPhone.Build.0 = Release|Any CPU
		{FDDC8804-5CDF-45B1-B2BC-07FBC6F2A95A}.Release|iPhone.Deploy.0 = Release|Any CPU
		{FDDC8804-5CDF-45B1-B2BC-07FBC6F2A95A}.Release|iPhoneSimulator.ActiveCfg = Release|Any CPU
		{FDDC8804-5CDF-45B1-B2BC-07FBC6F2A95A}.Release|iPhoneSimulator.Build.0 = Release|Any CPU
		{FDDC8804-5CDF-45B1-B2BC-07FBC6F2A95A}.Release|iPhoneSimulator.Deploy.0 = Release|Any CPU
		{FDDC8804-5CDF-45B1-B2BC-07FBC6F2A95A}.Release|x64.ActiveCfg = Release|Any CPU
		{FDDC8804-5CDF-45B1-B2BC-07FBC6F2A95A}.Release|x64.Build.0 = Release|Any CPU
		{FDDC8804-5CDF-45B1-B2BC-07FBC6F2A95A}.Release|x64.Deploy.0 = Release|Any CPU
		{FDDC8804-5CDF-45B1-B2BC-07FBC6F2A95A}.Release|x86.ActiveCfg = Release|Any CPU
		{FDDC8804-5CDF-45B1-B2BC-07FBC6F2A95A}.Release|x86.Build.0 = Release|Any CPU
		{FDDC8804-5CDF-45B1-B2BC-07FBC6F2A95A}.Release|x86.Deploy.0 = Release|Any CPU
		{3D39D23B-0A88-4C0E-9C81-1CBDA26FFF0F}.Debug|Any CPU.ActiveCfg = Debug|iPhone
		{3D39D23B-0A88-4C0E-9C81-1CBDA26FFF0F}.Debug|Any CPU.Build.0 = Debug|iPhone
		{3D39D23B-0A88-4C0E-9C81-1CBDA26FFF0F}.Debug|Any CPU.Deploy.0 = Debug|iPhone
		{3D39D23B-0A88-4C0E-9C81-1CBDA26FFF0F}.Debug|ARM.ActiveCfg = Debug|iPhone
		{3D39D23B-0A88-4C0E-9C81-1CBDA26FFF0F}.Debug|ARM.Build.0 = Debug|iPhone
		{3D39D23B-0A88-4C0E-9C81-1CBDA26FFF0F}.Debug|ARM.Deploy.0 = Debug|iPhone
		{3D39D23B-0A88-4C0E-9C81-1CBDA26FFF0F}.Debug|iPhone.ActiveCfg = Debug|iPhone
		{3D39D23B-0A88-4C0E-9C81-1CBDA26FFF0F}.Debug|iPhone.Build.0 = Debug|iPhone
		{3D39D23B-0A88-4C0E-9C81-1CBDA26FFF0F}.Debug|iPhone.Deploy.0 = Debug|iPhone
		{3D39D23B-0A88-4C0E-9C81-1CBDA26FFF0F}.Debug|iPhoneSimulator.ActiveCfg = Debug|iPhoneSimulator
		{3D39D23B-0A88-4C0E-9C81-1CBDA26FFF0F}.Debug|iPhoneSimulator.Build.0 = Debug|iPhoneSimulator
		{3D39D23B-0A88-4C0E-9C81-1CBDA26FFF0F}.Debug|iPhoneSimulator.Deploy.0 = Debug|iPhoneSimulator
		{3D39D23B-0A88-4C0E-9C81-1CBDA26FFF0F}.Debug|x64.ActiveCfg = Debug|iPhone
		{3D39D23B-0A88-4C0E-9C81-1CBDA26FFF0F}.Debug|x64.Build.0 = Debug|iPhone
		{3D39D23B-0A88-4C0E-9C81-1CBDA26FFF0F}.Debug|x64.Deploy.0 = Debug|iPhone
		{3D39D23B-0A88-4C0E-9C81-1CBDA26FFF0F}.Debug|x86.ActiveCfg = Debug|iPhone
		{3D39D23B-0A88-4C0E-9C81-1CBDA26FFF0F}.Debug|x86.Build.0 = Debug|iPhone
		{3D39D23B-0A88-4C0E-9C81-1CBDA26FFF0F}.Debug|x86.Deploy.0 = Debug|iPhone
		{3D39D23B-0A88-4C0E-9C81-1CBDA26FFF0F}.Release|Any CPU.ActiveCfg = Release|iPhone
		{3D39D23B-0A88-4C0E-9C81-1CBDA26FFF0F}.Release|Any CPU.Build.0 = Release|iPhone
		{3D39D23B-0A88-4C0E-9C81-1CBDA26FFF0F}.Release|Any CPU.Deploy.0 = Release|iPhone
		{3D39D23B-0A88-4C0E-9C81-1CBDA26FFF0F}.Release|ARM.ActiveCfg = Release|iPhone
		{3D39D23B-0A88-4C0E-9C81-1CBDA26FFF0F}.Release|ARM.Build.0 = Release|iPhone
		{3D39D23B-0A88-4C0E-9C81-1CBDA26FFF0F}.Release|ARM.Deploy.0 = Release|iPhone
		{3D39D23B-0A88-4C0E-9C81-1CBDA26FFF0F}.Release|iPhone.ActiveCfg = Release|iPhone
		{3D39D23B-0A88-4C0E-9C81-1CBDA26FFF0F}.Release|iPhone.Build.0 = Release|iPhone
		{3D39D23B-0A88-4C0E-9C81-1CBDA26FFF0F}.Release|iPhone.Deploy.0 = Release|iPhone
		{3D39D23B-0A88-4C0E-9C81-1CBDA26FFF0F}.Release|iPhoneSimulator.ActiveCfg = Release|iPhoneSimulator
		{3D39D23B-0A88-4C0E-9C81-1CBDA26FFF0F}.Release|iPhoneSimulator.Build.0 = Release|iPhoneSimulator
		{3D39D23B-0A88-4C0E-9C81-1CBDA26FFF0F}.Release|iPhoneSimulator.Deploy.0 = Release|iPhoneSimulator
		{3D39D23B-0A88-4C0E-9C81-1CBDA26FFF0F}.Release|x64.ActiveCfg = Release|iPhone
		{3D39D23B-0A88-4C0E-9C81-1CBDA26FFF0F}.Release|x64.Build.0 = Release|iPhone
		{3D39D23B-0A88-4C0E-9C81-1CBDA26FFF0F}.Release|x64.Deploy.0 = Release|iPhone
		{3D39D23B-0A88-4C0E-9C81-1CBDA26FFF0F}.Release|x86.ActiveCfg = Release|iPhone
		{3D39D23B-0A88-4C0E-9C81-1CBDA26FFF0F}.Release|x86.Build.0 = Release|iPhone
		{3D39D23B-0A88-4C0E-9C81-1CBDA26FFF0F}.Release|x86.Deploy.0 = Release|iPhone
		{E2B9FF6C-173C-4D5E-8FB9-515B94DC03F6}.Debug|Any CPU.ActiveCfg = Debug|Any CPU
		{E2B9FF6C-173C-4D5E-8FB9-515B94DC03F6}.Debug|Any CPU.Build.0 = Debug|Any CPU
		{E2B9FF6C-173C-4D5E-8FB9-515B94DC03F6}.Debug|Any CPU.Deploy.0 = Debug|Any CPU
		{E2B9FF6C-173C-4D5E-8FB9-515B94DC03F6}.Debug|ARM.ActiveCfg = Debug|Any CPU
		{E2B9FF6C-173C-4D5E-8FB9-515B94DC03F6}.Debug|ARM.Build.0 = Debug|Any CPU
		{E2B9FF6C-173C-4D5E-8FB9-515B94DC03F6}.Debug|ARM.Deploy.0 = Debug|Any CPU
		{E2B9FF6C-173C-4D5E-8FB9-515B94DC03F6}.Debug|iPhone.ActiveCfg = Debug|Any CPU
		{E2B9FF6C-173C-4D5E-8FB9-515B94DC03F6}.Debug|iPhone.Build.0 = Debug|Any CPU
		{E2B9FF6C-173C-4D5E-8FB9-515B94DC03F6}.Debug|iPhone.Deploy.0 = Debug|Any CPU
		{E2B9FF6C-173C-4D5E-8FB9-515B94DC03F6}.Debug|iPhoneSimulator.ActiveCfg = Debug|Any CPU
		{E2B9FF6C-173C-4D5E-8FB9-515B94DC03F6}.Debug|iPhoneSimulator.Build.0 = Debug|Any CPU
		{E2B9FF6C-173C-4D5E-8FB9-515B94DC03F6}.Debug|iPhoneSimulator.Deploy.0 = Debug|Any CPU
		{E2B9FF6C-173C-4D5E-8FB9-515B94DC03F6}.Debug|x64.ActiveCfg = Debug|Any CPU
		{E2B9FF6C-173C-4D5E-8FB9-515B94DC03F6}.Debug|x64.Build.0 = Debug|Any CPU
		{E2B9FF6C-173C-4D5E-8FB9-515B94DC03F6}.Debug|x64.Deploy.0 = Debug|Any CPU
		{E2B9FF6C-173C-4D5E-8FB9-515B94DC03F6}.Debug|x86.ActiveCfg = Debug|Any CPU
		{E2B9FF6C-173C-4D5E-8FB9-515B94DC03F6}.Debug|x86.Build.0 = Debug|Any CPU
		{E2B9FF6C-173C-4D5E-8FB9-515B94DC03F6}.Debug|x86.Deploy.0 = Debug|Any CPU
		{E2B9FF6C-173C-4D5E-8FB9-515B94DC03F6}.Release|Any CPU.ActiveCfg = Release|Any CPU
		{E2B9FF6C-173C-4D5E-8FB9-515B94DC03F6}.Release|Any CPU.Build.0 = Release|Any CPU
		{E2B9FF6C-173C-4D5E-8FB9-515B94DC03F6}.Release|Any CPU.Deploy.0 = Release|Any CPU
		{E2B9FF6C-173C-4D5E-8FB9-515B94DC03F6}.Release|ARM.ActiveCfg = Release|Any CPU
		{E2B9FF6C-173C-4D5E-8FB9-515B94DC03F6}.Release|ARM.Build.0 = Release|Any CPU
		{E2B9FF6C-173C-4D5E-8FB9-515B94DC03F6}.Release|ARM.Deploy.0 = Release|Any CPU
		{E2B9FF6C-173C-4D5E-8FB9-515B94DC03F6}.Release|iPhone.ActiveCfg = Release|Any CPU
		{E2B9FF6C-173C-4D5E-8FB9-515B94DC03F6}.Release|iPhone.Build.0 = Release|Any CPU
		{E2B9FF6C-173C-4D5E-8FB9-515B94DC03F6}.Release|iPhone.Deploy.0 = Release|Any CPU
		{E2B9FF6C-173C-4D5E-8FB9-515B94DC03F6}.Release|iPhoneSimulator.ActiveCfg = Release|Any CPU
		{E2B9FF6C-173C-4D5E-8FB9-515B94DC03F6}.Release|iPhoneSimulator.Build.0 = Release|Any CPU
		{E2B9FF6C-173C-4D5E-8FB9-515B94DC03F6}.Release|iPhoneSimulator.Deploy.0 = Release|Any CPU
		{E2B9FF6C-173C-4D5E-8FB9-515B94DC03F6}.Release|x64.ActiveCfg = Release|Any CPU
		{E2B9FF6C-173C-4D5E-8FB9-515B94DC03F6}.Release|x64.Build.0 = Release|Any CPU
		{E2B9FF6C-173C-4D5E-8FB9-515B94DC03F6}.Release|x64.Deploy.0 = Release|Any CPU
		{E2B9FF6C-173C-4D5E-8FB9-515B94DC03F6}.Release|x86.ActiveCfg = Release|Any CPU
		{E2B9FF6C-173C-4D5E-8FB9-515B94DC03F6}.Release|x86.Build.0 = Release|Any CPU
		{E2B9FF6C-173C-4D5E-8FB9-515B94DC03F6}.Release|x86.Deploy.0 = Release|Any CPU
	EndGlobalSection
	GlobalSection(SolutionProperties) = preSolution
		HideSolutionNode = FALSE
	EndGlobalSection
	GlobalSection(ExtensibilityGlobals) = postSolution
		SolutionGuid = {325018A5-A635-4F6E-9DA0-31C591962144}
	EndGlobalSection
EndGlobal
