
Microsoft Visual Studio Solution File, Format Version 12.00
# Visual Studio Version 16
VisualStudioVersion = 16.0.29926.136
MinimumVisualStudioVersion = 10.0.40219.1
Project("{FAE04EC0-301F-11D3-BF4B-00C04F79EFBC}") = "AnchoredScaleDemo.UWP", "AnchoredScaleDemo\AnchoredScaleDemo.UWP\AnchoredScaleDemo.UWP.csproj", "{89E1D2F0-2B8A-4D07-9892-47B940EF7BDB}"
EndProject
Project("{FAE04EC0-301F-11D3-BF4B-00C04F79EFBC}") = "AnchoredScaleDemo.Android", "AnchoredScaleDemo\AnchoredScaleDemo.Android\AnchoredScaleDemo.Android.csproj", "{4BCB6027-FAE5-4CB8-8467-23877BDF9D19}"
EndProject
Project("{FAE04EC0-301F-11D3-BF4B-00C04F79EFBC}") = "AnchoredScaleDemo.iOS", "AnchoredScaleDemo\AnchoredScaleDemo.iOS\AnchoredScaleDemo.iOS.csproj", "{59AA023B-5570-4790-BB12-0415FEB33483}"
EndProject
Project("{FAE04EC0-301F-11D3-BF4B-00C04F79EFBC}") = "AnchoredScaleDemo", "AnchoredScaleDemo\AnchoredScaleDemo\AnchoredScaleDemo.csproj", "{ECD11B89-F6CB-4E23-A882-EF5F4E66FAAA}"
EndProject
Global
	GlobalSection(SolutionConfigurationPlatforms) = preSolution
		Debug|Any CPU = Debug|Any CPU
		Debug|ARM = Debug|ARM
		Debug|iPhone = Debug|iPhone
		Debug|iPhoneSimulator = Debug|iPhoneSimulator
		Debug|x64 = Debug|x64
		Debug|x86 = Debug|x86
		Release|Any CPU = Release|Any CPU
		Release|ARM = Release|ARM
		Release|iPhone = Release|iPhone
		Release|iPhoneSimulator = Release|iPhoneSimulator
		Release|x64 = Release|x64
		Release|x86 = Release|x86
	EndGlobalSection
	GlobalSection(ProjectConfigurationPlatforms) = postSolution
		{89E1D2F0-2B8A-4D07-9892-47B940EF7BDB}.Debug|Any CPU.ActiveCfg = Debug|x86
		{89E1D2F0-2B8A-4D07-9892-47B940EF7BDB}.Debug|Any CPU.Build.0 = Debug|x86
		{89E1D2F0-2B8A-4D07-9892-47B940EF7BDB}.Debug|Any CPU.Deploy.0 = Debug|x86
		{89E1D2F0-2B8A-4D07-9892-47B940EF7BDB}.Debug|ARM.ActiveCfg = Debug|ARM
		{89E1D2F0-2B8A-4D07-9892-47B940EF7BDB}.Debug|ARM.Build.0 = Debug|ARM
		{89E1D2F0-2B8A-4D07-9892-47B940EF7BDB}.Debug|ARM.Deploy.0 = Debug|ARM
		{89E1D2F0-2B8A-4D07-9892-47B940EF7BDB}.Debug|iPhone.ActiveCfg = Debug|x86
		{89E1D2F0-2B8A-4D07-9892-47B940EF7BDB}.Debug|iPhone.Build.0 = Debug|x86
		{89E1D2F0-2B8A-4D07-9892-47B940EF7BDB}.Debug|iPhone.Deploy.0 = Debug|x86
		{89E1D2F0-2B8A-4D07-9892-47B940EF7BDB}.Debug|iPhoneSimulator.ActiveCfg = Debug|x86
		{89E1D2F0-2B8A-4D07-9892-47B940EF7BDB}.Debug|iPhoneSimulator.Build.0 = Debug|x86
		{89E1D2F0-2B8A-4D07-9892-47B940EF7BDB}.Debug|iPhoneSimulator.Deploy.0 = Debug|x86
		{89E1D2F0-2B8A-4D07-9892-47B940EF7BDB}.Debug|x64.ActiveCfg = Debug|x64
		{89E1D2F0-2B8A-4D07-9892-47B940EF7BDB}.Debug|x64.Build.0 = Debug|x64
		{89E1D2F0-2B8A-4D07-9892-47B940EF7BDB}.Debug|x64.Deploy.0 = Debug|x64
		{89E1D2F0-2B8A-4D07-9892-47B940EF7BDB}.Debug|x86.ActiveCfg = Debug|x86
		{89E1D2F0-2B8A-4D07-9892-47B940EF7BDB}.Debug|x86.Build.0 = Debug|x86
		{89E1D2F0-2B8A-4D07-9892-47B940EF7BDB}.Debug|x86.Deploy.0 = Debug|x86
		{89E1D2F0-2B8A-4D07-9892-47B940EF7BDB}.Release|Any CPU.ActiveCfg = Release|x86
		{89E1D2F0-2B8A-4D07-9892-47B940EF7BDB}.Release|Any CPU.Build.0 = Release|x86
		{89E1D2F0-2B8A-4D07-9892-47B940EF7BDB}.Release|Any CPU.Deploy.0 = Release|x86
		{89E1D2F0-2B8A-4D07-9892-47B940EF7BDB}.Release|ARM.ActiveCfg = Release|ARM
		{89E1D2F0-2B8A-4D07-9892-47B940EF7BDB}.Release|ARM.Build.0 = Release|ARM
		{89E1D2F0-2B8A-4D07-9892-47B940EF7BDB}.Release|ARM.Deploy.0 = Release|ARM
		{89E1D2F0-2B8A-4D07-9892-47B940EF7BDB}.Release|iPhone.ActiveCfg = Release|x86
		{89E1D2F0-2B8A-4D07-9892-47B940EF7BDB}.Release|iPhone.Build.0 = Release|x86
		{89E1D2F0-2B8A-4D07-9892-47B940EF7BDB}.Release|iPhone.Deploy.0 = Release|x86
		{89E1D2F0-2B8A-4D07-9892-47B940EF7BDB}.Release|iPhoneSimulator.ActiveCfg = Release|x86
		{89E1D2F0-2B8A-4D07-9892-47B940EF7BDB}.Release|iPhoneSimulator.Build.0 = Release|x86
		{89E1D2F0-2B8A-4D07-9892-47B940EF7BDB}.Release|iPhoneSimulator.Deploy.0 = Release|x86
		{89E1D2F0-2B8A-4D07-9892-47B940EF7BDB}.Release|x64.ActiveCfg = Release|x64
		{89E1D2F0-2B8A-4D07-9892-47B940EF7BDB}.Release|x64.Build.0 = Release|x64
		{89E1D2F0-2B8A-4D07-9892-47B940EF7BDB}.Release|x64.Deploy.0 = Release|x64
		{89E1D2F0-2B8A-4D07-9892-47B940EF7BDB}.Release|x86.ActiveCfg = Release|x86
		{89E1D2F0-2B8A-4D07-9892-47B940EF7BDB}.Release|x86.Build.0 = Release|x86
		{89E1D2F0-2B8A-4D07-9892-47B940EF7BDB}.Release|x86.Deploy.0 = Release|x86
		{4BCB6027-FAE5-4CB8-8467-23877BDF9D19}.Debug|Any CPU.ActiveCfg = Debug|Any CPU
		{4BCB6027-FAE5-4CB8-8467-23877BDF9D19}.Debug|Any CPU.Build.0 = Debug|Any CPU
		{4BCB6027-FAE5-4CB8-8467-23877BDF9D19}.Debug|Any CPU.Deploy.0 = Debug|Any CPU
		{4BCB6027-FAE5-4CB8-8467-23877BDF9D19}.Debug|ARM.ActiveCfg = Debug|Any CPU
		{4BCB6027-FAE5-4CB8-8467-23877BDF9D19}.Debug|ARM.Build.0 = Debug|Any CPU
		{4BCB6027-FAE5-4CB8-8467-23877BDF9D19}.Debug|ARM.Deploy.0 = Debug|Any CPU
		{4BCB6027-FAE5-4CB8-8467-23877BDF9D19}.Debug|iPhone.ActiveCfg = Debug|Any CPU
		{4BCB6027-FAE5-4CB8-8467-23877BDF9D19}.Debug|iPhone.Build.0 = Debug|Any CPU
		{4BCB6027-FAE5-4CB8-8467-23877BDF9D19}.Debug|iPhone.Deploy.0 = Debug|Any CPU
		{4BCB6027-FAE5-4CB8-8467-23877BDF9D19}.Debug|iPhoneSimulator.ActiveCfg = Debug|Any CPU
		{4BCB6027-FAE5-4CB8-8467-23877BDF9D19}.Debug|iPhoneSimulator.Build.0 = Debug|Any CPU
		{4BCB6027-FAE5-4CB8-8467-23877BDF9D19}.Debug|iPhoneSimulator.Deploy.0 = Debug|Any CPU
		{4BCB6027-FAE5-4CB8-8467-23877BDF9D19}.Debug|x64.ActiveCfg = Debug|Any CPU
		{4BCB6027-FAE5-4CB8-8467-23877BDF9D19}.Debug|x64.Build.0 = Debug|Any CPU
		{4BCB6027-FAE5-4CB8-8467-23877BDF9D19}.Debug|x64.Deploy.0 = Debug|Any CPU
		{4BCB6027-FAE5-4CB8-8467-23877BDF9D19}.Debug|x86.ActiveCfg = Debug|Any CPU
		{4BCB6027-FAE5-4CB8-8467-23877BDF9D19}.Debug|x86.Build.0 = Debug|Any CPU
		{4BCB6027-FAE5-4CB8-8467-23877BDF9D19}.Debug|x86.Deploy.0 = Debug|Any CPU
		{4BCB6027-FAE5-4CB8-8467-23877BDF9D19}.Release|Any CPU.ActiveCfg = Release|Any CPU
		{4BCB6027-FAE5-4CB8-8467-23877BDF9D19}.Release|Any CPU.Build.0 = Release|Any CPU
		{4BCB6027-FAE5-4CB8-8467-23877BDF9D19}.Release|Any CPU.Deploy.0 = Release|Any CPU
		{4BCB6027-FAE5-4CB8-8467-23877BDF9D19}.Release|ARM.ActiveCfg = Release|Any CPU
		{4BCB6027-FAE5-4CB8-8467-23877BDF9D19}.Release|ARM.Build.0 = Release|Any CPU
		{4BCB6027-FAE5-4CB8-8467-23877BDF9D19}.Release|ARM.Deploy.0 = Release|Any CPU
		{4BCB6027-FAE5-4CB8-8467-23877BDF9D19}.Release|iPhone.ActiveCfg = Release|Any CPU
		{4BCB6027-FAE5-4CB8-8467-23877BDF9D19}.Release|iPhone.Build.0 = Release|Any CPU
		{4BCB6027-FAE5-4CB8-8467-23877BDF9D19}.Release|iPhone.Deploy.0 = Release|Any CPU
		{4BCB6027-FAE5-4CB8-8467-23877BDF9D19}.Release|iPhoneSimulator.ActiveCfg = Release|Any CPU
		{4BCB6027-FAE5-4CB8-8467-23877BDF9D19}.Release|iPhoneSimulator.Build.0 = Release|Any CPU
		{4BCB6027-FAE5-4CB8-8467-23877BDF9D19}.Release|iPhoneSimulator.Deploy.0 = Release|Any CPU
		{4BCB6027-FAE5-4CB8-8467-23877BDF9D19}.Release|x64.ActiveCfg = Release|Any CPU
		{4BCB6027-FAE5-4CB8-8467-23877BDF9D19}.Release|x64.Build.0 = Release|Any CPU
		{4BCB6027-FAE5-4CB8-8467-23877BDF9D19}.Release|x64.Deploy.0 = Release|Any CPU
		{4BCB6027-FAE5-4CB8-8467-23877BDF9D19}.Release|x86.ActiveCfg = Release|Any CPU
		{4BCB6027-FAE5-4CB8-8467-23877BDF9D19}.Release|x86.Build.0 = Release|Any CPU
		{4BCB6027-FAE5-4CB8-8467-23877BDF9D19}.Release|x86.Deploy.0 = Release|Any CPU
		{59AA023B-5570-4790-BB12-0415FEB33483}.Debug|Any CPU.ActiveCfg = Debug|iPhone
		{59AA023B-5570-4790-BB12-0415FEB33483}.Debug|Any CPU.Build.0 = Debug|iPhone
		{59AA023B-5570-4790-BB12-0415FEB33483}.Debug|Any CPU.Deploy.0 = Debug|iPhone
		{59AA023B-5570-4790-BB12-0415FEB33483}.Debug|ARM.ActiveCfg = Debug|iPhone
		{59AA023B-5570-4790-BB12-0415FEB33483}.Debug|ARM.Build.0 = Debug|iPhone
		{59AA023B-5570-4790-BB12-0415FEB33483}.Debug|ARM.Deploy.0 = Debug|iPhone
		{59AA023B-5570-4790-BB12-0415FEB33483}.Debug|iPhone.ActiveCfg = Debug|iPhone
		{59AA023B-5570-4790-BB12-0415FEB33483}.Debug|iPhone.Build.0 = Debug|iPhone
		{59AA023B-5570-4790-BB12-0415FEB33483}.Debug|iPhone.Deploy.0 = Debug|iPhone
		{59AA023B-5570-4790-BB12-0415FEB33483}.Debug|iPhoneSimulator.ActiveCfg = Debug|iPhoneSimulator
		{59AA023B-5570-4790-BB12-0415FEB33483}.Debug|iPhoneSimulator.Build.0 = Debug|iPhoneSimulator
		{59AA023B-5570-4790-BB12-0415FEB33483}.Debug|iPhoneSimulator.Deploy.0 = Debug|iPhoneSimulator
		{59AA023B-5570-4790-BB12-0415FEB33483}.Debug|x64.ActiveCfg = Debug|iPhone
		{59AA023B-5570-4790-BB12-0415FEB33483}.Debug|x64.Build.0 = Debug|iPhone
		{59AA023B-5570-4790-BB12-0415FEB33483}.Debug|x64.Deploy.0 = Debug|iPhone
		{59AA023B-5570-4790-BB12-0415FEB33483}.Debug|x86.ActiveCfg = Debug|iPhone
		{59AA023B-5570-4790-BB12-0415FEB33483}.Debug|x86.Build.0 = Debug|iPhone
		{59AA023B-5570-4790-BB12-0415FEB33483}.Debug|x86.Deploy.0 = Debug|iPhone
		{59AA023B-5570-4790-BB12-0415FEB33483}.Release|Any CPU.ActiveCfg = Release|iPhone
		{59AA023B-5570-4790-BB12-0415FEB33483}.Release|Any CPU.Build.0 = Release|iPhone
		{59AA023B-5570-4790-BB12-0415FEB33483}.Release|Any CPU.Deploy.0 = Release|iPhone
		{59AA023B-5570-4790-BB12-0415FEB33483}.Release|ARM.ActiveCfg = Release|iPhone
		{59AA023B-5570-4790-BB12-0415FEB33483}.Release|ARM.Build.0 = Release|iPhone
		{59AA023B-5570-4790-BB12-0415FEB33483}.Release|ARM.Deploy.0 = Release|iPhone
		{59AA023B-5570-4790-BB12-0415FEB33483}.Release|iPhone.ActiveCfg = Release|iPhone
		{59AA023B-5570-4790-BB12-0415FEB33483}.Release|iPhone.Build.0 = Release|iPhone
		{59AA023B-5570-4790-BB12-0415FEB33483}.Release|iPhone.Deploy.0 = Release|iPhone
		{59AA023B-5570-4790-BB12-0415FEB33483}.Release|iPhoneSimulator.ActiveCfg = Release|iPhoneSimulator
		{59AA023B-5570-4790-BB12-0415FEB33483}.Release|iPhoneSimulator.Build.0 = Release|iPhoneSimulator
		{59AA023B-5570-4790-BB12-0415FEB33483}.Release|iPhoneSimulator.Deploy.0 = Release|iPhoneSimulator
		{59AA023B-5570-4790-BB12-0415FEB33483}.Release|x64.ActiveCfg = Release|iPhone
		{59AA023B-5570-4790-BB12-0415FEB33483}.Release|x64.Build.0 = Release|iPhone
		{59AA023B-5570-4790-BB12-0415FEB33483}.Release|x64.Deploy.0 = Release|iPhone
		{59AA023B-5570-4790-BB12-0415FEB33483}.Release|x86.ActiveCfg = Release|iPhone
		{59AA023B-5570-4790-BB12-0415FEB33483}.Release|x86.Build.0 = Release|iPhone
		{59AA023B-5570-4790-BB12-0415FEB33483}.Release|x86.Deploy.0 = Release|iPhone
		{ECD11B89-F6CB-4E23-A882-EF5F4E66FAAA}.Debug|Any CPU.ActiveCfg = Debug|Any CPU
		{ECD11B89-F6CB-4E23-A882-EF5F4E66FAAA}.Debug|Any CPU.Build.0 = Debug|Any CPU
		{ECD11B89-F6CB-4E23-A882-EF5F4E66FAAA}.Debug|Any CPU.Deploy.0 = Debug|Any CPU
		{ECD11B89-F6CB-4E23-A882-EF5F4E66FAAA}.Debug|ARM.ActiveCfg = Debug|Any CPU
		{ECD11B89-F6CB-4E23-A882-EF5F4E66FAAA}.Debug|ARM.Build.0 = Debug|Any CPU
		{ECD11B89-F6CB-4E23-A882-EF5F4E66FAAA}.Debug|ARM.Deploy.0 = Debug|Any CPU
		{ECD11B89-F6CB-4E23-A882-EF5F4E66FAAA}.Debug|iPhone.ActiveCfg = Debug|Any CPU
		{ECD11B89-F6CB-4E23-A882-EF5F4E66FAAA}.Debug|iPhone.Build.0 = Debug|Any CPU
		{ECD11B89-F6CB-4E23-A882-EF5F4E66FAAA}.Debug|iPhone.Deploy.0 = Debug|Any CPU
		{ECD11B89-F6CB-4E23-A882-EF5F4E66FAAA}.Debug|iPhoneSimulator.ActiveCfg = Debug|Any CPU
		{ECD11B89-F6CB-4E23-A882-EF5F4E66FAAA}.Debug|iPhoneSimulator.Build.0 = Debug|Any CPU
		{ECD11B89-F6CB-4E23-A882-EF5F4E66FAAA}.Debug|iPhoneSimulator.Deploy.0 = Debug|Any CPU
		{ECD11B89-F6CB-4E23-A882-EF5F4E66FAAA}.Debug|x64.ActiveCfg = Debug|Any CPU
		{ECD11B89-F6CB-4E23-A882-EF5F4E66FAAA}.Debug|x64.Build.0 = Debug|Any CPU
		{ECD11B89-F6CB-4E23-A882-EF5F4E66FAAA}.Debug|x64.Deploy.0 = Debug|Any CPU
		{ECD11B89-F6CB-4E23-A882-EF5F4E66FAAA}.Debug|x86.ActiveCfg = Debug|Any CPU
		{ECD11B89-F6CB-4E23-A882-EF5F4E66FAAA}.Debug|x86.Build.0 = Debug|Any CPU
		{ECD11B89-F6CB-4E23-A882-EF5F4E66FAAA}.Debug|x86.Deploy.0 = Debug|Any CPU
		{ECD11B89-F6CB-4E23-A882-EF5F4E66FAAA}.Release|Any CPU.ActiveCfg = Release|Any CPU
		{ECD11B89-F6CB-4E23-A882-EF5F4E66FAAA}.Release|Any CPU.Build.0 = Release|Any CPU
		{ECD11B89-F6CB-4E23-A882-EF5F4E66FAAA}.Release|Any CPU.Deploy.0 = Release|Any CPU
		{ECD11B89-F6CB-4E23-A882-EF5F4E66FAAA}.Release|ARM.ActiveCfg = Release|Any CPU
		{ECD11B89-F6CB-4E23-A882-EF5F4E66FAAA}.Release|ARM.Build.0 = Release|Any CPU
		{ECD11B89-F6CB-4E23-A882-EF5F4E66FAAA}.Release|ARM.Deploy.0 = Release|Any CPU
		{ECD11B89-F6CB-4E23-A882-EF5F4E66FAAA}.Release|iPhone.ActiveCfg = Release|Any CPU
		{ECD11B89-F6CB-4E23-A882-EF5F4E66FAAA}.Release|iPhone.Build.0 = Release|Any CPU
		{ECD11B89-F6CB-4E23-A882-EF5F4E66FAAA}.Release|iPhone.Deploy.0 = Release|Any CPU
		{ECD11B89-F6CB-4E23-A882-EF5F4E66FAAA}.Release|iPhoneSimulator.ActiveCfg = Release|Any CPU
		{ECD11B89-F6CB-4E23-A882-EF5F4E66FAAA}.Release|iPhoneSimulator.Build.0 = Release|Any CPU
		{ECD11B89-F6CB-4E23-A882-EF5F4E66FAAA}.Release|iPhoneSimulator.Deploy.0 = Release|Any CPU
		{ECD11B89-F6CB-4E23-A882-EF5F4E66FAAA}.Release|x64.ActiveCfg = Release|Any CPU
		{ECD11B89-F6CB-4E23-A882-EF5F4E66FAAA}.Release|x64.Build.0 = Release|Any CPU
		{ECD11B89-F6CB-4E23-A882-EF5F4E66FAAA}.Release|x64.Deploy.0 = Release|Any CPU
		{ECD11B89-F6CB-4E23-A882-EF5F4E66FAAA}.Release|x86.ActiveCfg = Release|Any CPU
		{ECD11B89-F6CB-4E23-A882-EF5F4E66FAAA}.Release|x86.Build.0 = Release|Any CPU
		{ECD11B89-F6CB-4E23-A882-EF5F4E66FAAA}.Release|x86.Deploy.0 = Release|Any CPU
	EndGlobalSection
	GlobalSection(SolutionProperties) = preSolution
		HideSolutionNode = FALSE
	EndGlobalSection
	GlobalSection(ExtensibilityGlobals) = postSolution
		SolutionGuid = {C1E28D7D-E458-4AA9-85B3-9CFFB69F83E8}
	EndGlobalSection
EndGlobal
