
Microsoft Visual Studio Solution File, Format Version 12.00
# Visual Studio Version 16
VisualStudioVersion = 16.0.29926.136
MinimumVisualStudioVersion = 10.0.40219.1
Project("{FAE04EC0-301F-11D3-BF4B-00C04F79EFBC}") = "TextFileAsync.UWP", "TextFileAsync\TextFileAsync.UWP\TextFileAsync.UWP.csproj", "{FA22407D-3E03-4728-8CF2-1DEB47C68653}"
EndProject
Project("{FAE04EC0-301F-11D3-BF4B-00C04F79EFBC}") = "TextFileAsync.Android", "TextFileAsync\TextFileAsync.Android\TextFileAsync.Android.csproj", "{1ED338CC-9905-4166-8576-FCD647C799A9}"
EndProject
Project("{FAE04EC0-301F-11D3-BF4B-00C04F79EFBC}") = "TextFileAsync.iOS", "TextFileAsync\TextFileAsync.iOS\TextFileAsync.iOS.csproj", "{B2ADF475-43DC-4534-9000-49E2CF2E9563}"
EndProject
Project("{FAE04EC0-301F-11D3-BF4B-00C04F79EFBC}") = "TextFileAsync", "TextFileAsync\TextFileAsync\TextFileAsync.csproj", "{BA8B7E18-3C5D-42C0-9A3F-24459A947594}"
EndProject
Project("{9A19103F-16F7-4668-BE54-9A1E7A4F7556}") = "XFBP", "..\..\Libraries\XFBP\XFBP\XFBP\XFBP.csproj", "{AE657BD2-0C1B-46B8-B9BF-7AAE9231F045}"
EndProject
Project("{FAE04EC0-301F-11D3-BF4B-00C04F79EFBC}") = "XFBP.Android", "..\..\Libraries\XFBP\XFBP\XFBP.Android\XFBP.Android.csproj", "{C1DDC48B-B3C9-411F-921D-3270310B07FA}"
EndProject
Project("{FAE04EC0-301F-11D3-BF4B-00C04F79EFBC}") = "XFBP.iOS", "..\..\Libraries\XFBP\XFBP\XFBP.iOS\XFBP.iOS.csproj", "{4F204E95-6A7A-4EED-ADD2-79F660740AA1}"
EndProject
Project("{FAE04EC0-301F-11D3-BF4B-00C04F79EFBC}") = "XFBP.UWP", "..\..\Libraries\XFBP\XFBP\XFBP.UWP\XFBP.UWP.csproj", "{57A9A05B-4050-48A9-85A5-39A2E8BE9D0A}"
EndProject
Global
	GlobalSection(SolutionConfigurationPlatforms) = preSolution
		Debug|Any CPU = Debug|Any CPU
		Debug|ARM = Debug|ARM
		Debug|iPhone = Debug|iPhone
		Debug|iPhoneSimulator = Debug|iPhoneSimulator
		Debug|x64 = Debug|x64
		Debug|x86 = Debug|x86
		Release|Any CPU = Release|Any CPU
		Release|ARM = Release|ARM
		Release|iPhone = Release|iPhone
		Release|iPhoneSimulator = Release|iPhoneSimulator
		Release|x64 = Release|x64
		Release|x86 = Release|x86
	EndGlobalSection
	GlobalSection(ProjectConfigurationPlatforms) = postSolution
		{FA22407D-3E03-4728-8CF2-1DEB47C68653}.Debug|Any CPU.ActiveCfg = Debug|x86
		{FA22407D-3E03-4728-8CF2-1DEB47C68653}.Debug|Any CPU.Build.0 = Debug|x86
		{FA22407D-3E03-4728-8CF2-1DEB47C68653}.Debug|Any CPU.Deploy.0 = Debug|x86
		{FA22407D-3E03-4728-8CF2-1DEB47C68653}.Debug|ARM.ActiveCfg = Debug|ARM
		{FA22407D-3E03-4728-8CF2-1DEB47C68653}.Debug|ARM.Build.0 = Debug|ARM
		{FA22407D-3E03-4728-8CF2-1DEB47C68653}.Debug|ARM.Deploy.0 = Debug|ARM
		{FA22407D-3E03-4728-8CF2-1DEB47C68653}.Debug|iPhone.ActiveCfg = Debug|x86
		{FA22407D-3E03-4728-8CF2-1DEB47C68653}.Debug|iPhone.Build.0 = Debug|x86
		{FA22407D-3E03-4728-8CF2-1DEB47C68653}.Debug|iPhone.Deploy.0 = Debug|x86
		{FA22407D-3E03-4728-8CF2-1DEB47C68653}.Debug|iPhoneSimulator.ActiveCfg = Debug|x86
		{FA22407D-3E03-4728-8CF2-1DEB47C68653}.Debug|iPhoneSimulator.Build.0 = Debug|x86
		{FA22407D-3E03-4728-8CF2-1DEB47C68653}.Debug|iPhoneSimulator.Deploy.0 = Debug|x86
		{FA22407D-3E03-4728-8CF2-1DEB47C68653}.Debug|x64.ActiveCfg = Debug|x64
		{FA22407D-3E03-4728-8CF2-1DEB47C68653}.Debug|x64.Build.0 = Debug|x64
		{FA22407D-3E03-4728-8CF2-1DEB47C68653}.Debug|x64.Deploy.0 = Debug|x64
		{FA22407D-3E03-4728-8CF2-1DEB47C68653}.Debug|x86.ActiveCfg = Debug|x86
		{FA22407D-3E03-4728-8CF2-1DEB47C68653}.Debug|x86.Build.0 = Debug|x86
		{FA22407D-3E03-4728-8CF2-1DEB47C68653}.Debug|x86.Deploy.0 = Debug|x86
		{FA22407D-3E03-4728-8CF2-1DEB47C68653}.Release|Any CPU.ActiveCfg = Release|x86
		{FA22407D-3E03-4728-8CF2-1DEB47C68653}.Release|Any CPU.Build.0 = Release|x86
		{FA22407D-3E03-4728-8CF2-1DEB47C68653}.Release|Any CPU.Deploy.0 = Release|x86
		{FA22407D-3E03-4728-8CF2-1DEB47C68653}.Release|ARM.ActiveCfg = Release|ARM
		{FA22407D-3E03-4728-8CF2-1DEB47C68653}.Release|ARM.Build.0 = Release|ARM
		{FA22407D-3E03-4728-8CF2-1DEB47C68653}.Release|ARM.Deploy.0 = Release|ARM
		{FA22407D-3E03-4728-8CF2-1DEB47C68653}.Release|iPhone.ActiveCfg = Release|x86
		{FA22407D-3E03-4728-8CF2-1DEB47C68653}.Release|iPhone.Build.0 = Release|x86
		{FA22407D-3E03-4728-8CF2-1DEB47C68653}.Release|iPhone.Deploy.0 = Release|x86
		{FA22407D-3E03-4728-8CF2-1DEB47C68653}.Release|iPhoneSimulator.ActiveCfg = Release|x86
		{FA22407D-3E03-4728-8CF2-1DEB47C68653}.Release|iPhoneSimulator.Build.0 = Release|x86
		{FA22407D-3E03-4728-8CF2-1DEB47C68653}.Release|iPhoneSimulator.Deploy.0 = Release|x86
		{FA22407D-3E03-4728-8CF2-1DEB47C68653}.Release|x64.ActiveCfg = Release|x64
		{FA22407D-3E03-4728-8CF2-1DEB47C68653}.Release|x64.Build.0 = Release|x64
		{FA22407D-3E03-4728-8CF2-1DEB47C68653}.Release|x64.Deploy.0 = Release|x64
		{FA22407D-3E03-4728-8CF2-1DEB47C68653}.Release|x86.ActiveCfg = Release|x86
		{FA22407D-3E03-4728-8CF2-1DEB47C68653}.Release|x86.Build.0 = Release|x86
		{FA22407D-3E03-4728-8CF2-1DEB47C68653}.Release|x86.Deploy.0 = Release|x86
		{1ED338CC-9905-4166-8576-FCD647C799A9}.Debug|Any CPU.ActiveCfg = Debug|Any CPU
		{1ED338CC-9905-4166-8576-FCD647C799A9}.Debug|Any CPU.Build.0 = Debug|Any CPU
		{1ED338CC-9905-4166-8576-FCD647C799A9}.Debug|Any CPU.Deploy.0 = Debug|Any CPU
		{1ED338CC-9905-4166-8576-FCD647C799A9}.Debug|ARM.ActiveCfg = Debug|Any CPU
		{1ED338CC-9905-4166-8576-FCD647C799A9}.Debug|ARM.Build.0 = Debug|Any CPU
		{1ED338CC-9905-4166-8576-FCD647C799A9}.Debug|ARM.Deploy.0 = Debug|Any CPU
		{1ED338CC-9905-4166-8576-FCD647C799A9}.Debug|iPhone.ActiveCfg = Debug|Any CPU
		{1ED338CC-9905-4166-8576-FCD647C799A9}.Debug|iPhone.Build.0 = Debug|Any CPU
		{1ED338CC-9905-4166-8576-FCD647C799A9}.Debug|iPhone.Deploy.0 = Debug|Any CPU
		{1ED338CC-9905-4166-8576-FCD647C799A9}.Debug|iPhoneSimulator.ActiveCfg = Debug|Any CPU
		{1ED338CC-9905-4166-8576-FCD647C799A9}.Debug|iPhoneSimulator.Build.0 = Debug|Any CPU
		{1ED338CC-9905-4166-8576-FCD647C799A9}.Debug|iPhoneSimulator.Deploy.0 = Debug|Any CPU
		{1ED338CC-9905-4166-8576-FCD647C799A9}.Debug|x64.ActiveCfg = Debug|Any CPU
		{1ED338CC-9905-4166-8576-FCD647C799A9}.Debug|x64.Build.0 = Debug|Any CPU
		{1ED338CC-9905-4166-8576-FCD647C799A9}.Debug|x64.Deploy.0 = Debug|Any CPU
		{1ED338CC-9905-4166-8576-FCD647C799A9}.Debug|x86.ActiveCfg = Debug|Any CPU
		{1ED338CC-9905-4166-8576-FCD647C799A9}.Debug|x86.Build.0 = Debug|Any CPU
		{1ED338CC-9905-4166-8576-FCD647C799A9}.Debug|x86.Deploy.0 = Debug|Any CPU
		{1ED338CC-9905-4166-8576-FCD647C799A9}.Release|Any CPU.ActiveCfg = Release|Any CPU
		{1ED338CC-9905-4166-8576-FCD647C799A9}.Release|Any CPU.Build.0 = Release|Any CPU
		{1ED338CC-9905-4166-8576-FCD647C799A9}.Release|Any CPU.Deploy.0 = Release|Any CPU
		{1ED338CC-9905-4166-8576-FCD647C799A9}.Release|ARM.ActiveCfg = Release|Any CPU
		{1ED338CC-9905-4166-8576-FCD647C799A9}.Release|ARM.Build.0 = Release|Any CPU
		{1ED338CC-9905-4166-8576-FCD647C799A9}.Release|ARM.Deploy.0 = Release|Any CPU
		{1ED338CC-9905-4166-8576-FCD647C799A9}.Release|iPhone.ActiveCfg = Release|Any CPU
		{1ED338CC-9905-4166-8576-FCD647C799A9}.Release|iPhone.Build.0 = Release|Any CPU
		{1ED338CC-9905-4166-8576-FCD647C799A9}.Release|iPhone.Deploy.0 = Release|Any CPU
		{1ED338CC-9905-4166-8576-FCD647C799A9}.Release|iPhoneSimulator.ActiveCfg = Release|Any CPU
		{1ED338CC-9905-4166-8576-FCD647C799A9}.Release|iPhoneSimulator.Build.0 = Release|Any CPU
		{1ED338CC-9905-4166-8576-FCD647C799A9}.Release|iPhoneSimulator.Deploy.0 = Release|Any CPU
		{1ED338CC-9905-4166-8576-FCD647C799A9}.Release|x64.ActiveCfg = Release|Any CPU
		{1ED338CC-9905-4166-8576-FCD647C799A9}.Release|x64.Build.0 = Release|Any CPU
		{1ED338CC-9905-4166-8576-FCD647C799A9}.Release|x64.Deploy.0 = Release|Any CPU
		{1ED338CC-9905-4166-8576-FCD647C799A9}.Release|x86.ActiveCfg = Release|Any CPU
		{1ED338CC-9905-4166-8576-FCD647C799A9}.Release|x86.Build.0 = Release|Any CPU
		{1ED338CC-9905-4166-8576-FCD647C799A9}.Release|x86.Deploy.0 = Release|Any CPU
		{B2ADF475-43DC-4534-9000-49E2CF2E9563}.Debug|Any CPU.ActiveCfg = Debug|iPhone
		{B2ADF475-43DC-4534-9000-49E2CF2E9563}.Debug|Any CPU.Build.0 = Debug|iPhone
		{B2ADF475-43DC-4534-9000-49E2CF2E9563}.Debug|Any CPU.Deploy.0 = Debug|iPhone
		{B2ADF475-43DC-4534-9000-49E2CF2E9563}.Debug|ARM.ActiveCfg = Debug|iPhone
		{B2ADF475-43DC-4534-9000-49E2CF2E9563}.Debug|ARM.Build.0 = Debug|iPhone
		{B2ADF475-43DC-4534-9000-49E2CF2E9563}.Debug|ARM.Deploy.0 = Debug|iPhone
		{B2ADF475-43DC-4534-9000-49E2CF2E9563}.Debug|iPhone.ActiveCfg = Debug|iPhone
		{B2ADF475-43DC-4534-9000-49E2CF2E9563}.Debug|iPhone.Build.0 = Debug|iPhone
		{B2ADF475-43DC-4534-9000-49E2CF2E9563}.Debug|iPhone.Deploy.0 = Debug|iPhone
		{B2ADF475-43DC-4534-9000-49E2CF2E9563}.Debug|iPhoneSimulator.ActiveCfg = Debug|iPhoneSimulator
		{B2ADF475-43DC-4534-9000-49E2CF2E9563}.Debug|iPhoneSimulator.Build.0 = Debug|iPhoneSimulator
		{B2ADF475-43DC-4534-9000-49E2CF2E9563}.Debug|iPhoneSimulator.Deploy.0 = Debug|iPhoneSimulator
		{B2ADF475-43DC-4534-9000-49E2CF2E9563}.Debug|x64.ActiveCfg = Debug|iPhone
		{B2ADF475-43DC-4534-9000-49E2CF2E9563}.Debug|x64.Build.0 = Debug|iPhone
		{B2ADF475-43DC-4534-9000-49E2CF2E9563}.Debug|x64.Deploy.0 = Debug|iPhone
		{B2ADF475-43DC-4534-9000-49E2CF2E9563}.Debug|x86.ActiveCfg = Debug|iPhone
		{B2ADF475-43DC-4534-9000-49E2CF2E9563}.Debug|x86.Build.0 = Debug|iPhone
		{B2ADF475-43DC-4534-9000-49E2CF2E9563}.Debug|x86.Deploy.0 = Debug|iPhone
		{B2ADF475-43DC-4534-9000-49E2CF2E9563}.Release|Any CPU.ActiveCfg = Release|iPhone
		{B2ADF475-43DC-4534-9000-49E2CF2E9563}.Release|Any CPU.Build.0 = Release|iPhone
		{B2ADF475-43DC-4534-9000-49E2CF2E9563}.Release|Any CPU.Deploy.0 = Release|iPhone
		{B2ADF475-43DC-4534-9000-49E2CF2E9563}.Release|ARM.ActiveCfg = Release|iPhone
		{B2ADF475-43DC-4534-9000-49E2CF2E9563}.Release|ARM.Build.0 = Release|iPhone
		{B2ADF475-43DC-4534-9000-49E2CF2E9563}.Release|ARM.Deploy.0 = Release|iPhone
		{B2ADF475-43DC-4534-9000-49E2CF2E9563}.Release|iPhone.ActiveCfg = Release|iPhone
		{B2ADF475-43DC-4534-9000-49E2CF2E9563}.Release|iPhone.Build.0 = Release|iPhone
		{B2ADF475-43DC-4534-9000-49E2CF2E9563}.Release|iPhone.Deploy.0 = Release|iPhone
		{B2ADF475-43DC-4534-9000-49E2CF2E9563}.Release|iPhoneSimulator.ActiveCfg = Release|iPhoneSimulator
		{B2ADF475-43DC-4534-9000-49E2CF2E9563}.Release|iPhoneSimulator.Build.0 = Release|iPhoneSimulator
		{B2ADF475-43DC-4534-9000-49E2CF2E9563}.Release|iPhoneSimulator.Deploy.0 = Release|iPhoneSimulator
		{B2ADF475-43DC-4534-9000-49E2CF2E9563}.Release|x64.ActiveCfg = Release|iPhone
		{B2ADF475-43DC-4534-9000-49E2CF2E9563}.Release|x64.Build.0 = Release|iPhone
		{B2ADF475-43DC-4534-9000-49E2CF2E9563}.Release|x64.Deploy.0 = Release|iPhone
		{B2ADF475-43DC-4534-9000-49E2CF2E9563}.Release|x86.ActiveCfg = Release|iPhone
		{B2ADF475-43DC-4534-9000-49E2CF2E9563}.Release|x86.Build.0 = Release|iPhone
		{B2ADF475-43DC-4534-9000-49E2CF2E9563}.Release|x86.Deploy.0 = Release|iPhone
		{BA8B7E18-3C5D-42C0-9A3F-24459A947594}.Debug|Any CPU.ActiveCfg = Debug|Any CPU
		{BA8B7E18-3C5D-42C0-9A3F-24459A947594}.Debug|Any CPU.Build.0 = Debug|Any CPU
		{BA8B7E18-3C5D-42C0-9A3F-24459A947594}.Debug|Any CPU.Deploy.0 = Debug|Any CPU
		{BA8B7E18-3C5D-42C0-9A3F-24459A947594}.Debug|ARM.ActiveCfg = Debug|Any CPU
		{BA8B7E18-3C5D-42C0-9A3F-24459A947594}.Debug|ARM.Build.0 = Debug|Any CPU
		{BA8B7E18-3C5D-42C0-9A3F-24459A947594}.Debug|ARM.Deploy.0 = Debug|Any CPU
		{BA8B7E18-3C5D-42C0-9A3F-24459A947594}.Debug|iPhone.ActiveCfg = Debug|Any CPU
		{BA8B7E18-3C5D-42C0-9A3F-24459A947594}.Debug|iPhone.Build.0 = Debug|Any CPU
		{BA8B7E18-3C5D-42C0-9A3F-24459A947594}.Debug|iPhone.Deploy.0 = Debug|Any CPU
		{BA8B7E18-3C5D-42C0-9A3F-24459A947594}.Debug|iPhoneSimulator.ActiveCfg = Debug|Any CPU
		{BA8B7E18-3C5D-42C0-9A3F-24459A947594}.Debug|iPhoneSimulator.Build.0 = Debug|Any CPU
		{BA8B7E18-3C5D-42C0-9A3F-24459A947594}.Debug|iPhoneSimulator.Deploy.0 = Debug|Any CPU
		{BA8B7E18-3C5D-42C0-9A3F-24459A947594}.Debug|x64.ActiveCfg = Debug|Any CPU
		{BA8B7E18-3C5D-42C0-9A3F-24459A947594}.Debug|x64.Build.0 = Debug|Any CPU
		{BA8B7E18-3C5D-42C0-9A3F-24459A947594}.Debug|x64.Deploy.0 = Debug|Any CPU
		{BA8B7E18-3C5D-42C0-9A3F-24459A947594}.Debug|x86.ActiveCfg = Debug|Any CPU
		{BA8B7E18-3C5D-42C0-9A3F-24459A947594}.Debug|x86.Build.0 = Debug|Any CPU
		{BA8B7E18-3C5D-42C0-9A3F-24459A947594}.Debug|x86.Deploy.0 = Debug|Any CPU
		{BA8B7E18-3C5D-42C0-9A3F-24459A947594}.Release|Any CPU.ActiveCfg = Release|Any CPU
		{BA8B7E18-3C5D-42C0-9A3F-24459A947594}.Release|Any CPU.Build.0 = Release|Any CPU
		{BA8B7E18-3C5D-42C0-9A3F-24459A947594}.Release|Any CPU.Deploy.0 = Release|Any CPU
		{BA8B7E18-3C5D-42C0-9A3F-24459A947594}.Release|ARM.ActiveCfg = Release|Any CPU
		{BA8B7E18-3C5D-42C0-9A3F-24459A947594}.Release|ARM.Build.0 = Release|Any CPU
		{BA8B7E18-3C5D-42C0-9A3F-24459A947594}.Release|ARM.Deploy.0 = Release|Any CPU
		{BA8B7E18-3C5D-42C0-9A3F-24459A947594}.Release|iPhone.ActiveCfg = Release|Any CPU
		{BA8B7E18-3C5D-42C0-9A3F-24459A947594}.Release|iPhone.Build.0 = Release|Any CPU
		{BA8B7E18-3C5D-42C0-9A3F-24459A947594}.Release|iPhone.Deploy.0 = Release|Any CPU
		{BA8B7E18-3C5D-42C0-9A3F-24459A947594}.Release|iPhoneSimulator.ActiveCfg = Release|Any CPU
		{BA8B7E18-3C5D-42C0-9A3F-24459A947594}.Release|iPhoneSimulator.Build.0 = Release|Any CPU
		{BA8B7E18-3C5D-42C0-9A3F-24459A947594}.Release|iPhoneSimulator.Deploy.0 = Release|Any CPU
		{BA8B7E18-3C5D-42C0-9A3F-24459A947594}.Release|x64.ActiveCfg = Release|Any CPU
		{BA8B7E18-3C5D-42C0-9A3F-24459A947594}.Release|x64.Build.0 = Release|Any CPU
		{BA8B7E18-3C5D-42C0-9A3F-24459A947594}.Release|x64.Deploy.0 = Release|Any CPU
		{BA8B7E18-3C5D-42C0-9A3F-24459A947594}.Release|x86.ActiveCfg = Release|Any CPU
		{BA8B7E18-3C5D-42C0-9A3F-24459A947594}.Release|x86.Build.0 = Release|Any CPU
		{BA8B7E18-3C5D-42C0-9A3F-24459A947594}.Release|x86.Deploy.0 = Release|Any CPU
		{AE657BD2-0C1B-46B8-B9BF-7AAE9231F045}.Debug|Any CPU.ActiveCfg = Debug|Any CPU
		{AE657BD2-0C1B-46B8-B9BF-7AAE9231F045}.Debug|Any CPU.Build.0 = Debug|Any CPU
		{AE657BD2-0C1B-46B8-B9BF-7AAE9231F045}.Debug|ARM.ActiveCfg = Debug|Any CPU
		{AE657BD2-0C1B-46B8-B9BF-7AAE9231F045}.Debug|ARM.Build.0 = Debug|Any CPU
		{AE657BD2-0C1B-46B8-B9BF-7AAE9231F045}.Debug|iPhone.ActiveCfg = Debug|Any CPU
		{AE657BD2-0C1B-46B8-B9BF-7AAE9231F045}.Debug|iPhone.Build.0 = Debug|Any CPU
		{AE657BD2-0C1B-46B8-B9BF-7AAE9231F045}.Debug|iPhoneSimulator.ActiveCfg = Debug|Any CPU
		{AE657BD2-0C1B-46B8-B9BF-7AAE9231F045}.Debug|iPhoneSimulator.Build.0 = Debug|Any CPU
		{AE657BD2-0C1B-46B8-B9BF-7AAE9231F045}.Debug|x64.ActiveCfg = Debug|Any CPU
		{AE657BD2-0C1B-46B8-B9BF-7AAE9231F045}.Debug|x64.Build.0 = Debug|Any CPU
		{AE657BD2-0C1B-46B8-B9BF-7AAE9231F045}.Debug|x86.ActiveCfg = Debug|Any CPU
		{AE657BD2-0C1B-46B8-B9BF-7AAE9231F045}.Debug|x86.Build.0 = Debug|Any CPU
		{AE657BD2-0C1B-46B8-B9BF-7AAE9231F045}.Release|Any CPU.ActiveCfg = Release|Any CPU
		{AE657BD2-0C1B-46B8-B9BF-7AAE9231F045}.Release|Any CPU.Build.0 = Release|Any CPU
		{AE657BD2-0C1B-46B8-B9BF-7AAE9231F045}.Release|ARM.ActiveCfg = Release|Any CPU
		{AE657BD2-0C1B-46B8-B9BF-7AAE9231F045}.Release|ARM.Build.0 = Release|Any CPU
		{AE657BD2-0C1B-46B8-B9BF-7AAE9231F045}.Release|iPhone.ActiveCfg = Release|Any CPU
		{AE657BD2-0C1B-46B8-B9BF-7AAE9231F045}.Release|iPhone.Build.0 = Release|Any CPU
		{AE657BD2-0C1B-46B8-B9BF-7AAE9231F045}.Release|iPhoneSimulator.ActiveCfg = Release|Any CPU
		{AE657BD2-0C1B-46B8-B9BF-7AAE9231F045}.Release|iPhoneSimulator.Build.0 = Release|Any CPU
		{AE657BD2-0C1B-46B8-B9BF-7AAE9231F045}.Release|x64.ActiveCfg = Release|Any CPU
		{AE657BD2-0C1B-46B8-B9BF-7AAE9231F045}.Release|x64.Build.0 = Release|Any CPU
		{AE657BD2-0C1B-46B8-B9BF-7AAE9231F045}.Release|x86.ActiveCfg = Release|Any CPU
		{AE657BD2-0C1B-46B8-B9BF-7AAE9231F045}.Release|x86.Build.0 = Release|Any CPU
		{C1DDC48B-B3C9-411F-921D-3270310B07FA}.Debug|Any CPU.ActiveCfg = Debug|Any CPU
		{C1DDC48B-B3C9-411F-921D-3270310B07FA}.Debug|Any CPU.Build.0 = Debug|Any CPU
		{C1DDC48B-B3C9-411F-921D-3270310B07FA}.Debug|Any CPU.Deploy.0 = Debug|Any CPU
		{C1DDC48B-B3C9-411F-921D-3270310B07FA}.Debug|ARM.ActiveCfg = Debug|Any CPU
		{C1DDC48B-B3C9-411F-921D-3270310B07FA}.Debug|ARM.Build.0 = Debug|Any CPU
		{C1DDC48B-B3C9-411F-921D-3270310B07FA}.Debug|ARM.Deploy.0 = Debug|Any CPU
		{C1DDC48B-B3C9-411F-921D-3270310B07FA}.Debug|iPhone.ActiveCfg = Debug|Any CPU
		{C1DDC48B-B3C9-411F-921D-3270310B07FA}.Debug|iPhone.Build.0 = Debug|Any CPU
		{C1DDC48B-B3C9-411F-921D-3270310B07FA}.Debug|iPhone.Deploy.0 = Debug|Any CPU
		{C1DDC48B-B3C9-411F-921D-3270310B07FA}.Debug|iPhoneSimulator.ActiveCfg = Debug|Any CPU
		{C1DDC48B-B3C9-411F-921D-3270310B07FA}.Debug|iPhoneSimulator.Build.0 = Debug|Any CPU
		{C1DDC48B-B3C9-411F-921D-3270310B07FA}.Debug|iPhoneSimulator.Deploy.0 = Debug|Any CPU
		{C1DDC48B-B3C9-411F-921D-3270310B07FA}.Debug|x64.ActiveCfg = Debug|Any CPU
		{C1DDC48B-B3C9-411F-921D-3270310B07FA}.Debug|x64.Build.0 = Debug|Any CPU
		{C1DDC48B-B3C9-411F-921D-3270310B07FA}.Debug|x64.Deploy.0 = Debug|Any CPU
		{C1DDC48B-B3C9-411F-921D-3270310B07FA}.Debug|x86.ActiveCfg = Debug|Any CPU
		{C1DDC48B-B3C9-411F-921D-3270310B07FA}.Debug|x86.Build.0 = Debug|Any CPU
		{C1DDC48B-B3C9-411F-921D-3270310B07FA}.Debug|x86.Deploy.0 = Debug|Any CPU
		{C1DDC48B-B3C9-411F-921D-3270310B07FA}.Release|Any CPU.ActiveCfg = Release|Any CPU
		{C1DDC48B-B3C9-411F-921D-3270310B07FA}.Release|Any CPU.Build.0 = Release|Any CPU
		{C1DDC48B-B3C9-411F-921D-3270310B07FA}.Release|Any CPU.Deploy.0 = Release|Any CPU
		{C1DDC48B-B3C9-411F-921D-3270310B07FA}.Release|ARM.ActiveCfg = Release|Any CPU
		{C1DDC48B-B3C9-411F-921D-3270310B07FA}.Release|ARM.Build.0 = Release|Any CPU
		{C1DDC48B-B3C9-411F-921D-3270310B07FA}.Release|ARM.Deploy.0 = Release|Any CPU
		{C1DDC48B-B3C9-411F-921D-3270310B07FA}.Release|iPhone.ActiveCfg = Release|Any CPU
		{C1DDC48B-B3C9-411F-921D-3270310B07FA}.Release|iPhone.Build.0 = Release|Any CPU
		{C1DDC48B-B3C9-411F-921D-3270310B07FA}.Release|iPhone.Deploy.0 = Release|Any CPU
		{C1DDC48B-B3C9-411F-921D-3270310B07FA}.Release|iPhoneSimulator.ActiveCfg = Release|Any CPU
		{C1DDC48B-B3C9-411F-921D-3270310B07FA}.Release|iPhoneSimulator.Build.0 = Release|Any CPU
		{C1DDC48B-B3C9-411F-921D-3270310B07FA}.Release|iPhoneSimulator.Deploy.0 = Release|Any CPU
		{C1DDC48B-B3C9-411F-921D-3270310B07FA}.Release|x64.ActiveCfg = Release|Any CPU
		{C1DDC48B-B3C9-411F-921D-3270310B07FA}.Release|x64.Build.0 = Release|Any CPU
		{C1DDC48B-B3C9-411F-921D-3270310B07FA}.Release|x64.Deploy.0 = Release|Any CPU
		{C1DDC48B-B3C9-411F-921D-3270310B07FA}.Release|x86.ActiveCfg = Release|Any CPU
		{C1DDC48B-B3C9-411F-921D-3270310B07FA}.Release|x86.Build.0 = Release|Any CPU
		{C1DDC48B-B3C9-411F-921D-3270310B07FA}.Release|x86.Deploy.0 = Release|Any CPU
		{4F204E95-6A7A-4EED-ADD2-79F660740AA1}.Debug|Any CPU.ActiveCfg = Debug|iPhone
		{4F204E95-6A7A-4EED-ADD2-79F660740AA1}.Debug|ARM.ActiveCfg = Debug|iPhone
		{4F204E95-6A7A-4EED-ADD2-79F660740AA1}.Debug|iPhone.ActiveCfg = Debug|iPhone
		{4F204E95-6A7A-4EED-ADD2-79F660740AA1}.Debug|iPhone.Build.0 = Debug|iPhone
		{4F204E95-6A7A-4EED-ADD2-79F660740AA1}.Debug|iPhoneSimulator.ActiveCfg = Debug|iPhoneSimulator
		{4F204E95-6A7A-4EED-ADD2-79F660740AA1}.Debug|iPhoneSimulator.Build.0 = Debug|iPhoneSimulator
		{4F204E95-6A7A-4EED-ADD2-79F660740AA1}.Debug|x64.ActiveCfg = Debug|iPhone
		{4F204E95-6A7A-4EED-ADD2-79F660740AA1}.Debug|x86.ActiveCfg = Debug|iPhone
		{4F204E95-6A7A-4EED-ADD2-79F660740AA1}.Release|Any CPU.ActiveCfg = Release|iPhone
		{4F204E95-6A7A-4EED-ADD2-79F660740AA1}.Release|ARM.ActiveCfg = Release|iPhone
		{4F204E95-6A7A-4EED-ADD2-79F660740AA1}.Release|iPhone.ActiveCfg = Release|iPhone
		{4F204E95-6A7A-4EED-ADD2-79F660740AA1}.Release|iPhone.Build.0 = Release|iPhone
		{4F204E95-6A7A-4EED-ADD2-79F660740AA1}.Release|iPhoneSimulator.ActiveCfg = Release|iPhoneSimulator
		{4F204E95-6A7A-4EED-ADD2-79F660740AA1}.Release|iPhoneSimulator.Build.0 = Release|iPhoneSimulator
		{4F204E95-6A7A-4EED-ADD2-79F660740AA1}.Release|x64.ActiveCfg = Release|iPhone
		{4F204E95-6A7A-4EED-ADD2-79F660740AA1}.Release|x86.ActiveCfg = Release|iPhone
		{57A9A05B-4050-48A9-85A5-39A2E8BE9D0A}.Debug|Any CPU.ActiveCfg = Debug|x86
		{57A9A05B-4050-48A9-85A5-39A2E8BE9D0A}.Debug|ARM.ActiveCfg = Debug|ARM
		{57A9A05B-4050-48A9-85A5-39A2E8BE9D0A}.Debug|ARM.Build.0 = Debug|ARM
		{57A9A05B-4050-48A9-85A5-39A2E8BE9D0A}.Debug|ARM.Deploy.0 = Debug|ARM
		{57A9A05B-4050-48A9-85A5-39A2E8BE9D0A}.Debug|iPhone.ActiveCfg = Debug|x86
		{57A9A05B-4050-48A9-85A5-39A2E8BE9D0A}.Debug|iPhoneSimulator.ActiveCfg = Debug|x86
		{57A9A05B-4050-48A9-85A5-39A2E8BE9D0A}.Debug|x64.ActiveCfg = Debug|x64
		{57A9A05B-4050-48A9-85A5-39A2E8BE9D0A}.Debug|x64.Build.0 = Debug|x64
		{57A9A05B-4050-48A9-85A5-39A2E8BE9D0A}.Debug|x64.Deploy.0 = Debug|x64
		{57A9A05B-4050-48A9-85A5-39A2E8BE9D0A}.Debug|x86.ActiveCfg = Debug|x86
		{57A9A05B-4050-48A9-85A5-39A2E8BE9D0A}.Debug|x86.Build.0 = Debug|x86
		{57A9A05B-4050-48A9-85A5-39A2E8BE9D0A}.Debug|x86.Deploy.0 = Debug|x86
		{57A9A05B-4050-48A9-85A5-39A2E8BE9D0A}.Release|Any CPU.ActiveCfg = Release|x86
		{57A9A05B-4050-48A9-85A5-39A2E8BE9D0A}.Release|ARM.ActiveCfg = Release|ARM
		{57A9A05B-4050-48A9-85A5-39A2E8BE9D0A}.Release|ARM.Build.0 = Release|ARM
		{57A9A05B-4050-48A9-85A5-39A2E8BE9D0A}.Release|ARM.Deploy.0 = Release|ARM
		{57A9A05B-4050-48A9-85A5-39A2E8BE9D0A}.Release|iPhone.ActiveCfg = Release|x86
		{57A9A05B-4050-48A9-85A5-39A2E8BE9D0A}.Release|iPhoneSimulator.ActiveCfg = Release|x86
		{57A9A05B-4050-48A9-85A5-39A2E8BE9D0A}.Release|x64.ActiveCfg = Release|x64
		{57A9A05B-4050-48A9-85A5-39A2E8BE9D0A}.Release|x64.Build.0 = Release|x64
		{57A9A05B-4050-48A9-85A5-39A2E8BE9D0A}.Release|x64.Deploy.0 = Release|x64
		{57A9A05B-4050-48A9-85A5-39A2E8BE9D0A}.Release|x86.ActiveCfg = Release|x86
		{57A9A05B-4050-48A9-85A5-39A2E8BE9D0A}.Release|x86.Build.0 = Release|x86
		{57A9A05B-4050-48A9-85A5-39A2E8BE9D0A}.Release|x86.Deploy.0 = Release|x86
	EndGlobalSection
	GlobalSection(SolutionProperties) = preSolution
		HideSolutionNode = FALSE
	EndGlobalSection
	GlobalSection(ExtensibilityGlobals) = postSolution
		SolutionGuid = {02312DC4-C4EA-4E39-B93F-4491BE1D0C55}
	EndGlobalSection
EndGlobal
